// !$*UTF8*$!
{
	archiveVersion = 1;
	classes = {
	};
	objectVersion = 46;
	objects = {

/* Begin PBXBuildFile section */
		2C00BC421F2428FF0087B8BB /* cpp_experiments.cpp in Sources */ = {isa = PBXBuildFile; fileRef = 2C00BC411F2428FF0087B8BB /* cpp_experiments.cpp */; };
		2C00DEB122198B0300DB322E /* Exceptions.cpp in Sources */ = {isa = PBXBuildFile; fileRef = 2C00DE8A22198B0300DB322E /* Exceptions.cpp */; };
		2C00DEB222198B0300DB322E /* Memory.cpp in Sources */ = {isa = PBXBuildFile; fileRef = 2C00DE8B22198B0300DB322E /* Memory.cpp */; };
		2C00DEB322198B0300DB322E /* Distribution.cpp in Sources */ = {isa = PBXBuildFile; fileRef = 2C00DE8C22198B0300DB322E /* Distribution.cpp */; };
		2C00DEB422198B0300DB322E /* Executor.cpp in Sources */ = {isa = PBXBuildFile; fileRef = 2C00DE8D22198B0300DB322E /* Executor.cpp */; };
		2C00DEB522198B0300DB322E /* Experiment.cpp in Sources */ = {isa = PBXBuildFile; fileRef = 2C00DE8E22198B0300DB322E /* Experiment.cpp */; };
		2C00DEB622198B0300DB322E /* ResultTable.cpp in Sources */ = {isa = PBXBuildFile; fileRef = 2C00DE8F22198B0300DB322E /* ResultTable.cpp */; };
		2C00DEB722198B0300DB322E /* JUnit.cpp in Sources */ = {isa = PBXBuildFile; fileRef = 2C00DE9022198B0300DB322E /* JUnit.cpp */; };
		2C00DEB822198B0300DB322E /* Console.cpp in Sources */ = {isa = PBXBuildFile; fileRef = 2C00DE9122198B0300DB322E /* Console.cpp */; };
		2C00DEB922198B0300DB322E /* TestFixture.cpp in Sources */ = {isa = PBXBuildFile; fileRef = 2C00DE9222198B0300DB322E /* TestFixture.cpp */; };
		2C00DEBA22198B0300DB322E /* Timer.cpp in Sources */ = {isa = PBXBuildFile; fileRef = 2C00DE9322198B0300DB322E /* Timer.cpp */; };
		2C00DEBB22198B0300DB322E /* Print.cpp in Sources */ = {isa = PBXBuildFile; fileRef = 2C00DE9422198B0300DB322E /* Print.cpp */; };
		2C00DEBC22198B0300DB322E /* Benchmark.cpp in Sources */ = {isa = PBXBuildFile; fileRef = 2C00DE9522198B0300DB322E /* Benchmark.cpp */; };
		2C00DEBD22198B0300DB322E /* ExperimentResult.cpp in Sources */ = {isa = PBXBuildFile; fileRef = 2C00DE9622198B0300DB322E /* ExperimentResult.cpp */; };
		2C00DEBE22198B0300DB322E /* Utilities.cpp in Sources */ = {isa = PBXBuildFile; fileRef = 2C00DE9722198B0300DB322E /* Utilities.cpp */; };
		2C00DEBF22198B0300DB322E /* Celero.cpp in Sources */ = {isa = PBXBuildFile; fileRef = 2C00DE9822198B0300DB322E /* Celero.cpp */; };
		2C00DEC022198B0300DB322E /* Callbacks.cpp in Sources */ = {isa = PBXBuildFile; fileRef = 2C00DE9922198B0300DB322E /* Callbacks.cpp */; };
		2C00DEC122198B0300DB322E /* UserDefinedMeasurementCollector.cpp in Sources */ = {isa = PBXBuildFile; fileRef = 2C00DE9A22198B0300DB322E /* UserDefinedMeasurementCollector.cpp */; };
		2C00DEC222198B0300DB322E /* ThreadTestFixture.cpp in Sources */ = {isa = PBXBuildFile; fileRef = 2C00DE9B22198B0300DB322E /* ThreadTestFixture.cpp */; };
		2C00DEC322198B0300DB322E /* TestVector.cpp in Sources */ = {isa = PBXBuildFile; fileRef = 2C00DE9C22198B0300DB322E /* TestVector.cpp */; };
		2C00DEC422198B0300DB322E /* Archive.cpp in Sources */ = {isa = PBXBuildFile; fileRef = 2C00DE9D22198B0300DB322E /* Archive.cpp */; };
		2C00DEC822198C6300DB322E /* floyd_runtime.cpp in Sources */ = {isa = PBXBuildFile; fileRef = 2C00DEC622198C6300DB322E /* floyd_runtime.cpp */; };
		2C02667C2014CAF000A82AD6 /* floyd_test_suite.cpp in Sources */ = {isa = PBXBuildFile; fileRef = 2C02667A2014CAF000A82AD6 /* floyd_test_suite.cpp */; };
		2C18044B208B90E900F62480 /* utils.cpp in Sources */ = {isa = PBXBuildFile; fileRef = 2C180448208B90E800F62480 /* utils.cpp */; };
		2C18044D208B90E900F62480 /* text_parser.cpp in Sources */ = {isa = PBXBuildFile; fileRef = 2C18044A208B90E800F62480 /* text_parser.cpp */; };
		2C180455208B911B00F62480 /* quark.cpp in Sources */ = {isa = PBXBuildFile; fileRef = 2C180454208B911A00F62480 /* quark.cpp */; };
		2C18045F208B917500F62480 /* json_support.cpp in Sources */ = {isa = PBXBuildFile; fileRef = 2C18045B208B917500F62480 /* json_support.cpp */; };
		2C180475208B939800F62480 /* floyd_parser.cpp in Sources */ = {isa = PBXBuildFile; fileRef = 2C180465208B939700F62480 /* floyd_parser.cpp */; };
		2C180477208B939800F62480 /* parse_expression.cpp in Sources */ = {isa = PBXBuildFile; fileRef = 2C180467208B939700F62480 /* parse_expression.cpp */; };
		2C18047D208B939800F62480 /* parse_statement.cpp in Sources */ = {isa = PBXBuildFile; fileRef = 2C18046D208B939700F62480 /* parse_statement.cpp */; };
		2C180483208B939800F62480 /* parser_primitives.cpp in Sources */ = {isa = PBXBuildFile; fileRef = 2C180473208B939700F62480 /* parser_primitives.cpp */; };
		2C18048E208B947C00F62480 /* ast.cpp in Sources */ = {isa = PBXBuildFile; fileRef = 2C180486208B947C00F62480 /* ast.cpp */; };
		2C180490208B947C00F62480 /* ast_basics.cpp in Sources */ = {isa = PBXBuildFile; fileRef = 2C180488208B947C00F62480 /* ast_basics.cpp */; };
		2C180492208B947C00F62480 /* expression.cpp in Sources */ = {isa = PBXBuildFile; fileRef = 2C18048A208B947C00F62480 /* expression.cpp */; };
		2C180494208B947C00F62480 /* statement.cpp in Sources */ = {isa = PBXBuildFile; fileRef = 2C18048C208B947C00F62480 /* statement.cpp */; };
		2C36C083221DF09E00CAFEF4 /* test_main.floyd in Sources */ = {isa = PBXBuildFile; fileRef = 2C36C082221DEF0900CAFEF4 /* test_main.floyd */; };
		2C36C084221DF17C00CAFEF4 /* test_main.floyd in CopyFiles */ = {isa = PBXBuildFile; fileRef = 2C36C082221DEF0900CAFEF4 /* test_main.floyd */; };
		2C36C086221DF1DA00CAFEF4 /* test.json in CopyFiles */ = {isa = PBXBuildFile; fileRef = 2C36C085221DF1C600CAFEF4 /* test.json */; };
		2C384AD41F3B604E0028C742 /* ast_json.cpp in Sources */ = {isa = PBXBuildFile; fileRef = 2C384AD21F3B604E0028C742 /* ast_json.cpp */; };
		2C40A71F1D76E179003245E3 /* immutable_ref_value.cpp in Sources */ = {isa = PBXBuildFile; fileRef = 2C40A71D1D76E179003245E3 /* immutable_ref_value.cpp */; };
		2C4EF65521E4022100A9A7DB /* ast_typeid_helpers.cpp in Sources */ = {isa = PBXBuildFile; fileRef = 2C4EF65321E4022100A9A7DB /* ast_typeid_helpers.cpp */; };
		2C4F355F1D4794CD0061CA93 /* ast_value.cpp in Sources */ = {isa = PBXBuildFile; fileRef = 2C4F355D1D4794CD0061CA93 /* ast_value.cpp */; };
		2C530C3021EDF23F00F962FB /* CoreFoundation.framework in Frameworks */ = {isa = PBXBuildFile; fileRef = 2C530C2E21EA1DBE00F962FB /* CoreFoundation.framework */; };
		2C530C3121EE0D0300F962FB /* libncurses.tbd in Frameworks */ = {isa = PBXBuildFile; fileRef = 2CBF330C202143BD0030AE98 /* libncurses.tbd */; };
		2C5372B9207A9EBA00647AD1 /* bytecode_interpreter.cpp in Sources */ = {isa = PBXBuildFile; fileRef = 2C5372B8207A9EBA00647AD1 /* bytecode_interpreter.cpp */; };
		2C557C382040173E006F6818 /* host_functions.cpp in Sources */ = {isa = PBXBuildFile; fileRef = 2C557C362040173E006F6818 /* host_functions.cpp */; };
		2C574E4A203107D80035EA62 /* ast_typeid.cpp in Sources */ = {isa = PBXBuildFile; fileRef = 2C574E48203107D80035EA62 /* ast_typeid.cpp */; };
		2C5E343C21527C6700B02262 /* hardware_caps.cpp in Sources */ = {isa = PBXBuildFile; fileRef = 2C5E343B21527C6700B02262 /* hardware_caps.cpp */; };
		2C64578F2021E32E003625C8 /* libedit.tbd in Frameworks */ = {isa = PBXBuildFile; fileRef = 2C64578E2021E32E003625C8 /* libedit.tbd */; };
		2C7200B421E8FB750013003B /* file_handling.cpp in Sources */ = {isa = PBXBuildFile; fileRef = 2C7200B321E8FB750013003B /* file_handling.cpp */; };
		2C81894D1D47B62400030C96 /* floyd_interpreter.cpp in Sources */ = {isa = PBXBuildFile; fileRef = 2C81894B1D47B62400030C96 /* floyd_interpreter.cpp */; };
		2C914FE121FB59710007291D /* hello_world.floyd in CopyFiles */ = {isa = PBXBuildFile; fileRef = 2C914FE021FB591B0007291D /* hello_world.floyd */; };
		2C982D3620603FE2002002FF /* bytecode_generator.cpp in Sources */ = {isa = PBXBuildFile; fileRef = 2C982D3520603FE2002002FF /* bytecode_generator.cpp */; };
		2CB2A512203C4AA80001A19E /* interpretator_benchmark.cpp in Sources */ = {isa = PBXBuildFile; fileRef = 2CB2A511203C4AA80001A19E /* interpretator_benchmark.cpp */; };
		2CB2A516203D642B0001A19E /* pass3.cpp in Sources */ = {isa = PBXBuildFile; fileRef = 2CB2A515203D642B0001A19E /* pass3.cpp */; };
		2CB30736214A9B35007D2732 /* process_test1.floyd in Sources */ = {isa = PBXBuildFile; fileRef = 2CB30735214A9B35007D2732 /* process_test1.floyd */; };
		2CB30739214ACF09007D2732 /* software_system.cpp in Sources */ = {isa = PBXBuildFile; fileRef = 2CB30737214ACF09007D2732 /* software_system.cpp */; };
		2CB7AA65220900190011DE4B /* floyd_syntax.cpp in Sources */ = {isa = PBXBuildFile; fileRef = 2CB7AA63220900190011DE4B /* floyd_syntax.cpp */; };
		2CB7AA6B2209E51E0011DE4B /* compiler_basics.cpp in Sources */ = {isa = PBXBuildFile; fileRef = 2CB7AA692209E51E0011DE4B /* compiler_basics.cpp */; };
		2CBB527A21EFBE0200E5024A /* process_test1.floyd in CopyFiles */ = {isa = PBXBuildFile; fileRef = 2CB30735214A9B35007D2732 /* process_test1.floyd */; };
		2CBB527D21F6673A00E5024A /* game_of_life.floyd in CopyFiles */ = {isa = PBXBuildFile; fileRef = 2CBB527C21F6606E00E5024A /* game_of_life.floyd */; };
		2CBCA7DE1D569E04000FAE81 /* sha1_class.cpp in Sources */ = {isa = PBXBuildFile; fileRef = 2CBCA7DC1D569C6D000FAE81 /* sha1_class.cpp */; };
		2CBCA7DF1D569E07000FAE81 /* sha1.cpp in Sources */ = {isa = PBXBuildFile; fileRef = 2CBCA7DA1D569C6D000FAE81 /* sha1.cpp */; };
		2CC34CC121EF8882000F3CB6 /* floyd_repl.cpp in Sources */ = {isa = PBXBuildFile; fileRef = 2CC34CBF21EF8882000F3CB6 /* floyd_repl.cpp */; };
		2CCD83371CBA5BA3006033E4 /* floyd_main.cpp in Sources */ = {isa = PBXBuildFile; fileRef = 2CCD83361CBA5BA3006033E4 /* floyd_main.cpp */; };
		2CEB5745207106560005AC7A /* game_of_life.cpp in Sources */ = {isa = PBXBuildFile; fileRef = 2CEB5744207106560005AC7A /* game_of_life.cpp */; };
		2CEB57472071069B0005AC7A /* benchmark_basics.cpp in Sources */ = {isa = PBXBuildFile; fileRef = 2CEB57462071069B0005AC7A /* benchmark_basics.cpp */; };
/* End PBXBuildFile section */

/* Begin PBXCopyFilesBuildPhase section */
		2C1D84DB1CA765A90042F0A8 /* CopyFiles */ = {
			isa = PBXCopyFilesBuildPhase;
			buildActionMask = 12;
			dstPath = "";
			dstSubfolderSpec = 6;
			files = (
				2CBB527A21EFBE0200E5024A /* process_test1.floyd in CopyFiles */,
				2C36C086221DF1DA00CAFEF4 /* test.json in CopyFiles */,
				2CBB527D21F6673A00E5024A /* game_of_life.floyd in CopyFiles */,
				2C914FE121FB59710007291D /* hello_world.floyd in CopyFiles */,
				2C36C084221DF17C00CAFEF4 /* test_main.floyd in CopyFiles */,
			);
			runOnlyForDeploymentPostprocessing = 0;
		};
/* End PBXCopyFilesBuildPhase section */

/* Begin PBXFileReference section */
		2C00BC411F2428FF0087B8BB /* cpp_experiments.cpp */ = {isa = PBXFileReference; fileEncoding = 4; lastKnownFileType = sourcecode.cpp.cpp; path = cpp_experiments.cpp; sourceTree = "<group>"; };
		2C00DE6122198B0300DB322E /* Console.h */ = {isa = PBXFileReference; fileEncoding = 4; lastKnownFileType = sourcecode.c.h; path = Console.h; sourceTree = "<group>"; };
		2C00DE6222198B0300DB322E /* TestVector.h */ = {isa = PBXFileReference; fileEncoding = 4; lastKnownFileType = sourcecode.c.h; path = TestVector.h; sourceTree = "<group>"; };
		2C00DE6322198B0300DB322E /* Experiment.h */ = {isa = PBXFileReference; fileEncoding = 4; lastKnownFileType = sourcecode.c.h; path = Experiment.h; sourceTree = "<group>"; };
		2C00DE6422198B0300DB322E /* Archive.h */ = {isa = PBXFileReference; fileEncoding = 4; lastKnownFileType = sourcecode.c.h; path = Archive.h; sourceTree = "<group>"; };
		2C00DE6522198B0300DB322E /* UserDefinedMeasurementCollector.h */ = {isa = PBXFileReference; fileEncoding = 4; lastKnownFileType = sourcecode.c.h; path = UserDefinedMeasurementCollector.h; sourceTree = "<group>"; };
		2C00DE6622198B0300DB322E /* Export.h */ = {isa = PBXFileReference; fileEncoding = 4; lastKnownFileType = sourcecode.c.h; path = Export.h; sourceTree = "<group>"; };
		2C00DE6722198B0300DB322E /* GenericFactory.h */ = {isa = PBXFileReference; fileEncoding = 4; lastKnownFileType = sourcecode.c.h; path = GenericFactory.h; sourceTree = "<group>"; };
		2C00DE6822198B0300DB322E /* ThreadLocal.h */ = {isa = PBXFileReference; fileEncoding = 4; lastKnownFileType = sourcecode.c.h; path = ThreadLocal.h; sourceTree = "<group>"; };
		2C00DE6922198B0300DB322E /* Callbacks.h */ = {isa = PBXFileReference; fileEncoding = 4; lastKnownFileType = sourcecode.c.h; path = Callbacks.h; sourceTree = "<group>"; };
		2C00DE6A22198B0300DB322E /* JUnit.h */ = {isa = PBXFileReference; fileEncoding = 4; lastKnownFileType = sourcecode.c.h; path = JUnit.h; sourceTree = "<group>"; };
		2C00DE6B22198B0300DB322E /* Exceptions.h */ = {isa = PBXFileReference; fileEncoding = 4; lastKnownFileType = sourcecode.c.h; path = Exceptions.h; sourceTree = "<group>"; };
		2C00DE6C22198B0300DB322E /* Celero.h */ = {isa = PBXFileReference; fileEncoding = 4; lastKnownFileType = sourcecode.c.h; path = Celero.h; sourceTree = "<group>"; };
		2C00DE6D22198B0300DB322E /* Utilities.h */ = {isa = PBXFileReference; fileEncoding = 4; lastKnownFileType = sourcecode.c.h; path = Utilities.h; sourceTree = "<group>"; };
		2C00DE6E22198B0300DB322E /* UserDefinedMeasurementTemplate.h */ = {isa = PBXFileReference; fileEncoding = 4; lastKnownFileType = sourcecode.c.h; path = UserDefinedMeasurementTemplate.h; sourceTree = "<group>"; };
		2C00DE6F22198B0300DB322E /* ResultTable.h */ = {isa = PBXFileReference; fileEncoding = 4; lastKnownFileType = sourcecode.c.h; path = ResultTable.h; sourceTree = "<group>"; };
		2C00DE7022198B0300DB322E /* Timer.h */ = {isa = PBXFileReference; fileEncoding = 4; lastKnownFileType = sourcecode.c.h; path = Timer.h; sourceTree = "<group>"; };
		2C00DE7122198B0300DB322E /* PimplImpl.h */ = {isa = PBXFileReference; fileEncoding = 4; lastKnownFileType = sourcecode.c.h; path = PimplImpl.h; sourceTree = "<group>"; };
		2C00DE7222198B0300DB322E /* Executor.h */ = {isa = PBXFileReference; fileEncoding = 4; lastKnownFileType = sourcecode.c.h; path = Executor.h; sourceTree = "<group>"; };
		2C00DE7322198B0300DB322E /* UserDefinedMeasurement.h */ = {isa = PBXFileReference; fileEncoding = 4; lastKnownFileType = sourcecode.c.h; path = UserDefinedMeasurement.h; sourceTree = "<group>"; };
		2C00DE7422198B0300DB322E /* Statistics.h */ = {isa = PBXFileReference; fileEncoding = 4; lastKnownFileType = sourcecode.c.h; path = Statistics.h; sourceTree = "<group>"; };
		2C00DE7522198B0300DB322E /* ExperimentResult.h */ = {isa = PBXFileReference; fileEncoding = 4; lastKnownFileType = sourcecode.c.h; path = ExperimentResult.h; sourceTree = "<group>"; };
		2C00DE7622198B0300DB322E /* Distribution.h */ = {isa = PBXFileReference; fileEncoding = 4; lastKnownFileType = sourcecode.c.h; path = Distribution.h; sourceTree = "<group>"; };
		2C00DE7722198B0300DB322E /* Print.h */ = {isa = PBXFileReference; fileEncoding = 4; lastKnownFileType = sourcecode.c.h; path = Print.h; sourceTree = "<group>"; };
		2C00DE7822198B0300DB322E /* Pimpl.h */ = {isa = PBXFileReference; fileEncoding = 4; lastKnownFileType = sourcecode.c.h; path = Pimpl.h; sourceTree = "<group>"; };
		2C00DE7922198B0300DB322E /* TestFixture.h */ = {isa = PBXFileReference; fileEncoding = 4; lastKnownFileType = sourcecode.c.h; path = TestFixture.h; sourceTree = "<group>"; };
		2C00DE7A22198B0300DB322E /* Memory.h */ = {isa = PBXFileReference; fileEncoding = 4; lastKnownFileType = sourcecode.c.h; path = Memory.h; sourceTree = "<group>"; };
		2C00DE7B22198B0300DB322E /* CommandLine.h */ = {isa = PBXFileReference; fileEncoding = 4; lastKnownFileType = sourcecode.c.h; path = CommandLine.h; sourceTree = "<group>"; };
		2C00DE7C22198B0300DB322E /* Benchmark.h */ = {isa = PBXFileReference; fileEncoding = 4; lastKnownFileType = sourcecode.c.h; path = Benchmark.h; sourceTree = "<group>"; };
		2C00DE7D22198B0300DB322E /* ThreadTestFixture.h */ = {isa = PBXFileReference; fileEncoding = 4; lastKnownFileType = sourcecode.c.h; path = ThreadTestFixture.h; sourceTree = "<group>"; };
		2C00DE7E22198B0300DB322E /* FileReader.h */ = {isa = PBXFileReference; fileEncoding = 4; lastKnownFileType = sourcecode.c.h; path = FileReader.h; sourceTree = "<group>"; };
		2C00DE7F22198B0300DB322E /* Factory.h */ = {isa = PBXFileReference; fileEncoding = 4; lastKnownFileType = sourcecode.c.h; path = Factory.h; sourceTree = "<group>"; };
		2C00DE8022198B0300DB322E /* README.md */ = {isa = PBXFileReference; fileEncoding = 4; lastKnownFileType = net.daringfireball.markdown; path = README.md; sourceTree = "<group>"; };
		2C00DE8122198B0300DB322E /* ISSUE_TEMPLATE.md */ = {isa = PBXFileReference; fileEncoding = 4; lastKnownFileType = net.daringfireball.markdown; path = ISSUE_TEMPLATE.md; sourceTree = "<group>"; };
		2C00DE8222198B0300DB322E /* .gitignore */ = {isa = PBXFileReference; fileEncoding = 4; lastKnownFileType = text; path = .gitignore; sourceTree = "<group>"; };
		2C00DE8322198B0300DB322E /* CONTRIBUTING.md */ = {isa = PBXFileReference; fileEncoding = 4; lastKnownFileType = net.daringfireball.markdown; path = CONTRIBUTING.md; sourceTree = "<group>"; };
		2C00DE8422198B0300DB322E /* .clang-format */ = {isa = PBXFileReference; fileEncoding = 4; lastKnownFileType = text; path = ".clang-format"; sourceTree = "<group>"; };
		2C00DE8522198B0300DB322E /* .gitattributes */ = {isa = PBXFileReference; fileEncoding = 4; lastKnownFileType = text; path = .gitattributes; sourceTree = "<group>"; };
		2C00DE8622198B0300DB322E /* Doxyfile */ = {isa = PBXFileReference; fileEncoding = 4; lastKnownFileType = text; path = Doxyfile; sourceTree = "<group>"; };
		2C00DE8722198B0300DB322E /* license.txt */ = {isa = PBXFileReference; fileEncoding = 4; lastKnownFileType = text; path = license.txt; sourceTree = "<group>"; };
		2C00DE8822198B0300DB322E /* .travis.yml */ = {isa = PBXFileReference; fileEncoding = 4; lastKnownFileType = text; path = .travis.yml; sourceTree = "<group>"; };
		2C00DE8A22198B0300DB322E /* Exceptions.cpp */ = {isa = PBXFileReference; fileEncoding = 4; lastKnownFileType = sourcecode.cpp.cpp; path = Exceptions.cpp; sourceTree = "<group>"; };
		2C00DE8B22198B0300DB322E /* Memory.cpp */ = {isa = PBXFileReference; fileEncoding = 4; lastKnownFileType = sourcecode.cpp.cpp; path = Memory.cpp; sourceTree = "<group>"; };
		2C00DE8C22198B0300DB322E /* Distribution.cpp */ = {isa = PBXFileReference; fileEncoding = 4; lastKnownFileType = sourcecode.cpp.cpp; path = Distribution.cpp; sourceTree = "<group>"; };
		2C00DE8D22198B0300DB322E /* Executor.cpp */ = {isa = PBXFileReference; fileEncoding = 4; lastKnownFileType = sourcecode.cpp.cpp; path = Executor.cpp; sourceTree = "<group>"; };
		2C00DE8E22198B0300DB322E /* Experiment.cpp */ = {isa = PBXFileReference; fileEncoding = 4; lastKnownFileType = sourcecode.cpp.cpp; path = Experiment.cpp; sourceTree = "<group>"; };
		2C00DE8F22198B0300DB322E /* ResultTable.cpp */ = {isa = PBXFileReference; fileEncoding = 4; lastKnownFileType = sourcecode.cpp.cpp; path = ResultTable.cpp; sourceTree = "<group>"; };
		2C00DE9022198B0300DB322E /* JUnit.cpp */ = {isa = PBXFileReference; fileEncoding = 4; lastKnownFileType = sourcecode.cpp.cpp; path = JUnit.cpp; sourceTree = "<group>"; };
		2C00DE9122198B0300DB322E /* Console.cpp */ = {isa = PBXFileReference; fileEncoding = 4; lastKnownFileType = sourcecode.cpp.cpp; path = Console.cpp; sourceTree = "<group>"; };
		2C00DE9222198B0300DB322E /* TestFixture.cpp */ = {isa = PBXFileReference; fileEncoding = 4; lastKnownFileType = sourcecode.cpp.cpp; path = TestFixture.cpp; sourceTree = "<group>"; };
		2C00DE9322198B0300DB322E /* Timer.cpp */ = {isa = PBXFileReference; fileEncoding = 4; lastKnownFileType = sourcecode.cpp.cpp; path = Timer.cpp; sourceTree = "<group>"; };
		2C00DE9422198B0300DB322E /* Print.cpp */ = {isa = PBXFileReference; fileEncoding = 4; lastKnownFileType = sourcecode.cpp.cpp; path = Print.cpp; sourceTree = "<group>"; };
		2C00DE9522198B0300DB322E /* Benchmark.cpp */ = {isa = PBXFileReference; fileEncoding = 4; lastKnownFileType = sourcecode.cpp.cpp; path = Benchmark.cpp; sourceTree = "<group>"; };
		2C00DE9622198B0300DB322E /* ExperimentResult.cpp */ = {isa = PBXFileReference; fileEncoding = 4; lastKnownFileType = sourcecode.cpp.cpp; path = ExperimentResult.cpp; sourceTree = "<group>"; };
		2C00DE9722198B0300DB322E /* Utilities.cpp */ = {isa = PBXFileReference; fileEncoding = 4; lastKnownFileType = sourcecode.cpp.cpp; path = Utilities.cpp; sourceTree = "<group>"; };
		2C00DE9822198B0300DB322E /* Celero.cpp */ = {isa = PBXFileReference; fileEncoding = 4; lastKnownFileType = sourcecode.cpp.cpp; path = Celero.cpp; sourceTree = "<group>"; };
		2C00DE9922198B0300DB322E /* Callbacks.cpp */ = {isa = PBXFileReference; fileEncoding = 4; lastKnownFileType = sourcecode.cpp.cpp; path = Callbacks.cpp; sourceTree = "<group>"; };
		2C00DE9A22198B0300DB322E /* UserDefinedMeasurementCollector.cpp */ = {isa = PBXFileReference; fileEncoding = 4; lastKnownFileType = sourcecode.cpp.cpp; path = UserDefinedMeasurementCollector.cpp; sourceTree = "<group>"; };
		2C00DE9B22198B0300DB322E /* ThreadTestFixture.cpp */ = {isa = PBXFileReference; fileEncoding = 4; lastKnownFileType = sourcecode.cpp.cpp; path = ThreadTestFixture.cpp; sourceTree = "<group>"; };
		2C00DE9C22198B0300DB322E /* TestVector.cpp */ = {isa = PBXFileReference; fileEncoding = 4; lastKnownFileType = sourcecode.cpp.cpp; path = TestVector.cpp; sourceTree = "<group>"; };
		2C00DE9D22198B0300DB322E /* Archive.cpp */ = {isa = PBXFileReference; fileEncoding = 4; lastKnownFileType = sourcecode.cpp.cpp; path = Archive.cpp; sourceTree = "<group>"; };
		2C00DEC622198C6300DB322E /* floyd_runtime.cpp */ = {isa = PBXFileReference; lastKnownFileType = sourcecode.cpp.cpp; path = floyd_runtime.cpp; sourceTree = "<group>"; };
		2C00DEC722198C6300DB322E /* floyd_runtime.h */ = {isa = PBXFileReference; lastKnownFileType = sourcecode.c.h; path = floyd_runtime.h; sourceTree = "<group>"; };
		2C02667A2014CAF000A82AD6 /* floyd_test_suite.cpp */ = {isa = PBXFileReference; lastKnownFileType = sourcecode.cpp.cpp; path = floyd_test_suite.cpp; sourceTree = "<group>"; };
		2C02667B2014CAF000A82AD6 /* floyd_test_suite.h */ = {isa = PBXFileReference; lastKnownFileType = sourcecode.c.h; path = floyd_test_suite.h; sourceTree = "<group>"; };
		2C180447208B90E800F62480 /* text_parser.h */ = {isa = PBXFileReference; fileEncoding = 4; lastKnownFileType = sourcecode.c.h; path = text_parser.h; sourceTree = "<group>"; };
		2C180448208B90E800F62480 /* utils.cpp */ = {isa = PBXFileReference; fileEncoding = 4; lastKnownFileType = sourcecode.cpp.cpp; path = utils.cpp; sourceTree = "<group>"; };
		2C180449208B90E800F62480 /* utils.h */ = {isa = PBXFileReference; fileEncoding = 4; lastKnownFileType = sourcecode.c.h; path = utils.h; sourceTree = "<group>"; };
		2C18044A208B90E800F62480 /* text_parser.cpp */ = {isa = PBXFileReference; fileEncoding = 4; lastKnownFileType = sourcecode.cpp.cpp; path = text_parser.cpp; sourceTree = "<group>"; };
		2C180453208B911A00F62480 /* quark.h */ = {isa = PBXFileReference; fileEncoding = 4; lastKnownFileType = sourcecode.c.h; path = quark.h; sourceTree = "<group>"; };
		2C180454208B911A00F62480 /* quark.cpp */ = {isa = PBXFileReference; fileEncoding = 4; lastKnownFileType = sourcecode.cpp.cpp; path = quark.cpp; sourceTree = "<group>"; };
		2C18045A208B917500F62480 /* json_support.h */ = {isa = PBXFileReference; fileEncoding = 4; lastKnownFileType = sourcecode.c.h; path = json_support.h; sourceTree = "<group>"; };
		2C18045B208B917500F62480 /* json_support.cpp */ = {isa = PBXFileReference; fileEncoding = 4; lastKnownFileType = sourcecode.cpp.cpp; path = json_support.cpp; sourceTree = "<group>"; };
		2C180465208B939700F62480 /* floyd_parser.cpp */ = {isa = PBXFileReference; fileEncoding = 4; lastKnownFileType = sourcecode.cpp.cpp; path = floyd_parser.cpp; sourceTree = "<group>"; };
		2C180466208B939700F62480 /* floyd_parser.h */ = {isa = PBXFileReference; fileEncoding = 4; lastKnownFileType = sourcecode.c.h; path = floyd_parser.h; sourceTree = "<group>"; };
		2C180467208B939700F62480 /* parse_expression.cpp */ = {isa = PBXFileReference; fileEncoding = 4; lastKnownFileType = sourcecode.cpp.cpp; path = parse_expression.cpp; sourceTree = "<group>"; };
		2C180468208B939700F62480 /* parse_expression.h */ = {isa = PBXFileReference; fileEncoding = 4; lastKnownFileType = sourcecode.c.h; path = parse_expression.h; sourceTree = "<group>"; };
		2C18046D208B939700F62480 /* parse_statement.cpp */ = {isa = PBXFileReference; fileEncoding = 4; lastKnownFileType = sourcecode.cpp.cpp; path = parse_statement.cpp; sourceTree = "<group>"; };
		2C18046E208B939700F62480 /* parse_statement.h */ = {isa = PBXFileReference; fileEncoding = 4; lastKnownFileType = sourcecode.c.h; path = parse_statement.h; sourceTree = "<group>"; };
		2C180473208B939700F62480 /* parser_primitives.cpp */ = {isa = PBXFileReference; fileEncoding = 4; lastKnownFileType = sourcecode.cpp.cpp; path = parser_primitives.cpp; sourceTree = "<group>"; };
		2C180474208B939700F62480 /* parser_primitives.h */ = {isa = PBXFileReference; fileEncoding = 4; lastKnownFileType = sourcecode.c.h; path = parser_primitives.h; sourceTree = "<group>"; };
		2C180486208B947C00F62480 /* ast.cpp */ = {isa = PBXFileReference; fileEncoding = 4; lastKnownFileType = sourcecode.cpp.cpp; path = ast.cpp; sourceTree = "<group>"; };
		2C180487208B947C00F62480 /* ast.h */ = {isa = PBXFileReference; fileEncoding = 4; lastKnownFileType = sourcecode.c.h; path = ast.h; sourceTree = "<group>"; };
		2C180488208B947C00F62480 /* ast_basics.cpp */ = {isa = PBXFileReference; fileEncoding = 4; lastKnownFileType = sourcecode.cpp.cpp; path = ast_basics.cpp; sourceTree = "<group>"; };
		2C180489208B947C00F62480 /* ast_basics.h */ = {isa = PBXFileReference; fileEncoding = 4; lastKnownFileType = sourcecode.c.h; path = ast_basics.h; sourceTree = "<group>"; };
		2C18048A208B947C00F62480 /* expression.cpp */ = {isa = PBXFileReference; fileEncoding = 4; lastKnownFileType = sourcecode.cpp.cpp; path = expression.cpp; sourceTree = "<group>"; };
		2C18048B208B947C00F62480 /* expression.h */ = {isa = PBXFileReference; fileEncoding = 4; lastKnownFileType = sourcecode.c.h; path = expression.h; sourceTree = "<group>"; };
		2C18048C208B947C00F62480 /* statement.cpp */ = {isa = PBXFileReference; fileEncoding = 4; lastKnownFileType = sourcecode.cpp.cpp; path = statement.cpp; sourceTree = "<group>"; };
		2C18048D208B947C00F62480 /* statement.h */ = {isa = PBXFileReference; fileEncoding = 4; lastKnownFileType = sourcecode.c.h; path = statement.h; sourceTree = "<group>"; };
		2C182F1F220B17780003FC1F /* README.md */ = {isa = PBXFileReference; lastKnownFileType = net.daringfireball.markdown; path = README.md; sourceTree = "<group>"; };
		2C1D84DD1CA765A90042F0A8 /* floyd */ = {isa = PBXFileReference; explicitFileType = "compiled.mach-o.executable"; includeInIndex = 0; path = floyd; sourceTree = BUILT_PRODUCTS_DIR; };
		2C36C082221DEF0900CAFEF4 /* test_main.floyd */ = {isa = PBXFileReference; fileEncoding = 4; lastKnownFileType = text; path = test_main.floyd; sourceTree = "<group>"; };
		2C36C085221DF1C600CAFEF4 /* test.json */ = {isa = PBXFileReference; fileEncoding = 4; lastKnownFileType = text.json; path = test.json; sourceTree = "<group>"; };
		2C384AD21F3B604E0028C742 /* ast_json.cpp */ = {isa = PBXFileReference; fileEncoding = 4; lastKnownFileType = sourcecode.cpp.cpp; path = ast_json.cpp; sourceTree = "<group>"; };
		2C384AD31F3B604E0028C742 /* ast_json.h */ = {isa = PBXFileReference; fileEncoding = 4; lastKnownFileType = sourcecode.c.h; path = ast_json.h; sourceTree = "<group>"; };
		2C40A71D1D76E179003245E3 /* immutable_ref_value.cpp */ = {isa = PBXFileReference; fileEncoding = 4; lastKnownFileType = sourcecode.cpp.cpp; path = immutable_ref_value.cpp; sourceTree = "<group>"; };
		2C40A71E1D76E179003245E3 /* immutable_ref_value.h */ = {isa = PBXFileReference; fileEncoding = 4; lastKnownFileType = sourcecode.c.h; path = immutable_ref_value.h; sourceTree = "<group>"; };
		2C4EF65321E4022100A9A7DB /* ast_typeid_helpers.cpp */ = {isa = PBXFileReference; lastKnownFileType = sourcecode.cpp.cpp; path = ast_typeid_helpers.cpp; sourceTree = "<group>"; };
		2C4EF65421E4022100A9A7DB /* ast_typeid_helpers.h */ = {isa = PBXFileReference; lastKnownFileType = sourcecode.c.h; path = ast_typeid_helpers.h; sourceTree = "<group>"; };
		2C4F355D1D4794CD0061CA93 /* ast_value.cpp */ = {isa = PBXFileReference; fileEncoding = 4; lastKnownFileType = sourcecode.cpp.cpp; path = ast_value.cpp; sourceTree = "<group>"; };
		2C4F355E1D4794CD0061CA93 /* ast_value.h */ = {isa = PBXFileReference; fileEncoding = 4; lastKnownFileType = sourcecode.c.h; path = ast_value.h; sourceTree = "<group>"; };
		2C530C2E21EA1DBE00F962FB /* CoreFoundation.framework */ = {isa = PBXFileReference; lastKnownFileType = wrapper.framework; name = CoreFoundation.framework; path = System/Library/Frameworks/CoreFoundation.framework; sourceTree = SDKROOT; };
		2C5372B7207A9EAD00647AD1 /* bytecode_interpreter.h */ = {isa = PBXFileReference; fileEncoding = 4; lastKnownFileType = sourcecode.c.h; path = bytecode_interpreter.h; sourceTree = "<group>"; };
		2C5372B8207A9EBA00647AD1 /* bytecode_interpreter.cpp */ = {isa = PBXFileReference; fileEncoding = 4; lastKnownFileType = sourcecode.cpp.cpp; path = bytecode_interpreter.cpp; sourceTree = "<group>"; };
		2C557C362040173E006F6818 /* host_functions.cpp */ = {isa = PBXFileReference; lastKnownFileType = sourcecode.cpp.cpp; path = host_functions.cpp; sourceTree = "<group>"; };
		2C557C372040173E006F6818 /* host_functions.h */ = {isa = PBXFileReference; lastKnownFileType = sourcecode.c.h; path = host_functions.h; sourceTree = "<group>"; };
		2C574E48203107D80035EA62 /* ast_typeid.cpp */ = {isa = PBXFileReference; lastKnownFileType = sourcecode.cpp.cpp; path = ast_typeid.cpp; sourceTree = "<group>"; };
		2C574E49203107D80035EA62 /* ast_typeid.h */ = {isa = PBXFileReference; lastKnownFileType = sourcecode.c.h; path = ast_typeid.h; sourceTree = "<group>"; };
		2C5E343B21527C6700B02262 /* hardware_caps.cpp */ = {isa = PBXFileReference; fileEncoding = 4; lastKnownFileType = sourcecode.cpp.cpp; path = hardware_caps.cpp; sourceTree = "<group>"; };
		2C5E343E21527C8B00B02262 /* hardware_caps.h */ = {isa = PBXFileReference; lastKnownFileType = sourcecode.c.h; path = hardware_caps.h; sourceTree = "<group>"; };
		2C64578E2021E32E003625C8 /* libedit.tbd */ = {isa = PBXFileReference; lastKnownFileType = "sourcecode.text-based-dylib-definition"; name = libedit.tbd; path = usr/lib/libedit.tbd; sourceTree = SDKROOT; };
		2C7200B221E8FB750013003B /* file_handling.h */ = {isa = PBXFileReference; fileEncoding = 4; lastKnownFileType = sourcecode.c.h; path = file_handling.h; sourceTree = "<group>"; };
		2C7200B321E8FB750013003B /* file_handling.cpp */ = {isa = PBXFileReference; fileEncoding = 4; lastKnownFileType = sourcecode.cpp.cpp; path = file_handling.cpp; sourceTree = "<group>"; };
		2C81894B1D47B62400030C96 /* floyd_interpreter.cpp */ = {isa = PBXFileReference; fileEncoding = 4; lastKnownFileType = sourcecode.cpp.cpp; path = floyd_interpreter.cpp; sourceTree = "<group>"; };
		2C81894C1D47B62400030C96 /* floyd_interpreter.h */ = {isa = PBXFileReference; fileEncoding = 4; lastKnownFileType = sourcecode.c.h; path = floyd_interpreter.h; sourceTree = "<group>"; };
		2C914FE021FB591B0007291D /* hello_world.floyd */ = {isa = PBXFileReference; fileEncoding = 4; lastKnownFileType = text; path = hello_world.floyd; sourceTree = "<group>"; };
		2C982D3520603FE2002002FF /* bytecode_generator.cpp */ = {isa = PBXFileReference; fileEncoding = 4; lastKnownFileType = sourcecode.cpp.cpp; path = bytecode_generator.cpp; sourceTree = "<group>"; };
		2C982D3720604002002002FF /* bytecode_generator.h */ = {isa = PBXFileReference; fileEncoding = 4; lastKnownFileType = sourcecode.c.h; path = bytecode_generator.h; sourceTree = "<group>"; };
		2CA7ED192211DB94009F0D6F /* docs */ = {isa = PBXFileReference; lastKnownFileType = folder; name = docs; path = ../docs; sourceTree = "<group>"; };
		2CB2A511203C4AA80001A19E /* interpretator_benchmark.cpp */ = {isa = PBXFileReference; fileEncoding = 4; lastKnownFileType = sourcecode.cpp.cpp; path = interpretator_benchmark.cpp; sourceTree = "<group>"; };
		2CB2A513203C4ACB0001A19E /* interpretator_benchmark.h */ = {isa = PBXFileReference; fileEncoding = 4; lastKnownFileType = sourcecode.c.h; path = interpretator_benchmark.h; sourceTree = "<group>"; };
		2CB2A514203D64210001A19E /* pass3.h */ = {isa = PBXFileReference; fileEncoding = 4; lastKnownFileType = sourcecode.c.h; path = pass3.h; sourceTree = "<group>"; };
		2CB2A515203D642B0001A19E /* pass3.cpp */ = {isa = PBXFileReference; fileEncoding = 4; lastKnownFileType = sourcecode.cpp.cpp; path = pass3.cpp; sourceTree = "<group>"; };
		2CB30735214A9B35007D2732 /* process_test1.floyd */ = {isa = PBXFileReference; fileEncoding = 4; lastKnownFileType = text; path = process_test1.floyd; sourceTree = "<group>"; };
		2CB30737214ACF09007D2732 /* software_system.cpp */ = {isa = PBXFileReference; lastKnownFileType = sourcecode.cpp.cpp; path = software_system.cpp; sourceTree = "<group>"; };
		2CB30738214ACF09007D2732 /* software_system.h */ = {isa = PBXFileReference; lastKnownFileType = sourcecode.c.h; path = software_system.h; sourceTree = "<group>"; };
		2CB7AA63220900190011DE4B /* floyd_syntax.cpp */ = {isa = PBXFileReference; lastKnownFileType = sourcecode.cpp.cpp; path = floyd_syntax.cpp; sourceTree = "<group>"; };
		2CB7AA64220900190011DE4B /* floyd_syntax.h */ = {isa = PBXFileReference; lastKnownFileType = sourcecode.c.h; path = floyd_syntax.h; sourceTree = "<group>"; };
		2CB7AA692209E51E0011DE4B /* compiler_basics.cpp */ = {isa = PBXFileReference; lastKnownFileType = sourcecode.cpp.cpp; path = compiler_basics.cpp; sourceTree = "<group>"; };
		2CB7AA6A2209E51E0011DE4B /* compiler_basics.h */ = {isa = PBXFileReference; lastKnownFileType = sourcecode.c.h; path = compiler_basics.h; sourceTree = "<group>"; };
		2CBB527C21F6606E00E5024A /* game_of_life.floyd */ = {isa = PBXFileReference; fileEncoding = 4; lastKnownFileType = text; path = game_of_life.floyd; sourceTree = "<group>"; };
		2CBCA7DA1D569C6D000FAE81 /* sha1.cpp */ = {isa = PBXFileReference; lastKnownFileType = sourcecode.cpp.cpp; path = sha1.cpp; sourceTree = "<group>"; };
		2CBCA7DB1D569C6D000FAE81 /* sha1.h */ = {isa = PBXFileReference; lastKnownFileType = sourcecode.c.h; path = sha1.h; sourceTree = "<group>"; };
		2CBCA7DC1D569C6D000FAE81 /* sha1_class.cpp */ = {isa = PBXFileReference; lastKnownFileType = sourcecode.cpp.cpp; path = sha1_class.cpp; sourceTree = "<group>"; };
		2CBCA7DD1D569C6D000FAE81 /* sha1_class.h */ = {isa = PBXFileReference; lastKnownFileType = sourcecode.c.h; path = sha1_class.h; sourceTree = "<group>"; };
		2CBF330C202143BD0030AE98 /* libncurses.tbd */ = {isa = PBXFileReference; lastKnownFileType = "sourcecode.text-based-dylib-definition"; name = libncurses.tbd; path = usr/lib/libncurses.tbd; sourceTree = SDKROOT; };
		2CC34CBF21EF8882000F3CB6 /* floyd_repl.cpp */ = {isa = PBXFileReference; lastKnownFileType = sourcecode.cpp.cpp; path = floyd_repl.cpp; sourceTree = "<group>"; };
		2CC34CC021EF8882000F3CB6 /* floyd_repl.h */ = {isa = PBXFileReference; lastKnownFileType = sourcecode.c.h; path = floyd_repl.h; sourceTree = "<group>"; };
		2CCC0D222141DCC700788BCB /* immer-master */ = {isa = PBXFileReference; lastKnownFileType = folder; path = "immer-master"; sourceTree = "<group>"; };
		2CCD83361CBA5BA3006033E4 /* floyd_main.cpp */ = {isa = PBXFileReference; fileEncoding = 4; lastKnownFileType = sourcecode.cpp.cpp; path = floyd_main.cpp; sourceTree = "<group>"; };
		2CEB5744207106560005AC7A /* game_of_life.cpp */ = {isa = PBXFileReference; fileEncoding = 4; lastKnownFileType = sourcecode.cpp.cpp; path = game_of_life.cpp; sourceTree = "<group>"; };
		2CEB57462071069B0005AC7A /* benchmark_basics.cpp */ = {isa = PBXFileReference; fileEncoding = 4; lastKnownFileType = sourcecode.cpp.cpp; path = benchmark_basics.cpp; sourceTree = "<group>"; };
		2CEB5748207106C60005AC7A /* benchmark_basics.h */ = {isa = PBXFileReference; fileEncoding = 4; lastKnownFileType = sourcecode.c.h; path = benchmark_basics.h; sourceTree = "<group>"; };
/* End PBXFileReference section */

/* Begin PBXFrameworksBuildPhase section */
		2C1D84DA1CA765A90042F0A8 /* Frameworks */ = {
			isa = PBXFrameworksBuildPhase;
			buildActionMask = 2147483647;
			files = (
				2C530C3021EDF23F00F962FB /* CoreFoundation.framework in Frameworks */,
				2C64578F2021E32E003625C8 /* libedit.tbd in Frameworks */,
				2C530C3121EE0D0300F962FB /* libncurses.tbd in Frameworks */,
			);
			runOnlyForDeploymentPostprocessing = 0;
		};
/* End PBXFrameworksBuildPhase section */

/* Begin PBXGroup section */
		2C00DE2222198B0300DB322E /* libs */ = {
			isa = PBXGroup;
			children = (
				2C00DE2322198B0300DB322E /* Celero-master */,
			);
			path = libs;
			sourceTree = "<group>";
		};
		2C00DE2322198B0300DB322E /* Celero-master */ = {
			isa = PBXGroup;
			children = (
				2C00DE5F22198B0300DB322E /* include */,
				2C00DE8022198B0300DB322E /* README.md */,
				2C00DE8122198B0300DB322E /* ISSUE_TEMPLATE.md */,
				2C00DE8222198B0300DB322E /* .gitignore */,
				2C00DE8322198B0300DB322E /* CONTRIBUTING.md */,
				2C00DE8422198B0300DB322E /* .clang-format */,
				2C00DE8522198B0300DB322E /* .gitattributes */,
				2C00DE8622198B0300DB322E /* Doxyfile */,
				2C00DE8722198B0300DB322E /* license.txt */,
				2C00DE8822198B0300DB322E /* .travis.yml */,
				2C00DE8922198B0300DB322E /* src */,
			);
			path = "Celero-master";
			sourceTree = "<group>";
		};
		2C00DE5F22198B0300DB322E /* include */ = {
			isa = PBXGroup;
			children = (
				2C00DE6022198B0300DB322E /* celero */,
			);
			path = include;
			sourceTree = "<group>";
		};
		2C00DE6022198B0300DB322E /* celero */ = {
			isa = PBXGroup;
			children = (
				2C00DE6122198B0300DB322E /* Console.h */,
				2C00DE6222198B0300DB322E /* TestVector.h */,
				2C00DE6322198B0300DB322E /* Experiment.h */,
				2C00DE6422198B0300DB322E /* Archive.h */,
				2C00DE6522198B0300DB322E /* UserDefinedMeasurementCollector.h */,
				2C00DE6622198B0300DB322E /* Export.h */,
				2C00DE6722198B0300DB322E /* GenericFactory.h */,
				2C00DE6822198B0300DB322E /* ThreadLocal.h */,
				2C00DE6922198B0300DB322E /* Callbacks.h */,
				2C00DE6A22198B0300DB322E /* JUnit.h */,
				2C00DE6B22198B0300DB322E /* Exceptions.h */,
				2C00DE6C22198B0300DB322E /* Celero.h */,
				2C00DE6D22198B0300DB322E /* Utilities.h */,
				2C00DE6E22198B0300DB322E /* UserDefinedMeasurementTemplate.h */,
				2C00DE6F22198B0300DB322E /* ResultTable.h */,
				2C00DE7022198B0300DB322E /* Timer.h */,
				2C00DE7122198B0300DB322E /* PimplImpl.h */,
				2C00DE7222198B0300DB322E /* Executor.h */,
				2C00DE7322198B0300DB322E /* UserDefinedMeasurement.h */,
				2C00DE7422198B0300DB322E /* Statistics.h */,
				2C00DE7522198B0300DB322E /* ExperimentResult.h */,
				2C00DE7622198B0300DB322E /* Distribution.h */,
				2C00DE7722198B0300DB322E /* Print.h */,
				2C00DE7822198B0300DB322E /* Pimpl.h */,
				2C00DE7922198B0300DB322E /* TestFixture.h */,
				2C00DE7A22198B0300DB322E /* Memory.h */,
				2C00DE7B22198B0300DB322E /* CommandLine.h */,
				2C00DE7C22198B0300DB322E /* Benchmark.h */,
				2C00DE7D22198B0300DB322E /* ThreadTestFixture.h */,
				2C00DE7E22198B0300DB322E /* FileReader.h */,
				2C00DE7F22198B0300DB322E /* Factory.h */,
			);
			path = celero;
			sourceTree = "<group>";
		};
		2C00DE8922198B0300DB322E /* src */ = {
			isa = PBXGroup;
			children = (
				2C00DE8A22198B0300DB322E /* Exceptions.cpp */,
				2C00DE8B22198B0300DB322E /* Memory.cpp */,
				2C00DE8C22198B0300DB322E /* Distribution.cpp */,
				2C00DE8D22198B0300DB322E /* Executor.cpp */,
				2C00DE8E22198B0300DB322E /* Experiment.cpp */,
				2C00DE8F22198B0300DB322E /* ResultTable.cpp */,
				2C00DE9022198B0300DB322E /* JUnit.cpp */,
				2C00DE9122198B0300DB322E /* Console.cpp */,
				2C00DE9222198B0300DB322E /* TestFixture.cpp */,
				2C00DE9322198B0300DB322E /* Timer.cpp */,
				2C00DE9422198B0300DB322E /* Print.cpp */,
				2C00DE9522198B0300DB322E /* Benchmark.cpp */,
				2C00DE9622198B0300DB322E /* ExperimentResult.cpp */,
				2C00DE9722198B0300DB322E /* Utilities.cpp */,
				2C00DE9822198B0300DB322E /* Celero.cpp */,
				2C00DE9922198B0300DB322E /* Callbacks.cpp */,
				2C00DE9A22198B0300DB322E /* UserDefinedMeasurementCollector.cpp */,
				2C00DE9B22198B0300DB322E /* ThreadTestFixture.cpp */,
				2C00DE9C22198B0300DB322E /* TestVector.cpp */,
				2C00DE9D22198B0300DB322E /* Archive.cpp */,
			);
			path = src;
			sourceTree = "<group>";
		};
		2C00DEC522198C4000DB322E /* floyd_runtime */ = {
			isa = PBXGroup;
			children = (
				2C00DEC622198C6300DB322E /* floyd_runtime.cpp */,
				2C00DEC722198C6300DB322E /* floyd_runtime.h */,
			);
			path = floyd_runtime;
			sourceTree = "<group>";
		};
		2C180464208B939700F62480 /* floyd_parser */ = {
			isa = PBXGroup;
			children = (
				2C180465208B939700F62480 /* floyd_parser.cpp */,
				2C180466208B939700F62480 /* floyd_parser.h */,
				2C180467208B939700F62480 /* parse_expression.cpp */,
				2C180468208B939700F62480 /* parse_expression.h */,
				2C18046D208B939700F62480 /* parse_statement.cpp */,
				2C18046E208B939700F62480 /* parse_statement.h */,
				2C180473208B939700F62480 /* parser_primitives.cpp */,
				2C180474208B939700F62480 /* parser_primitives.h */,
			);
			path = floyd_parser;
			sourceTree = "<group>";
		};
		2C180485208B947C00F62480 /* floyd_ast */ = {
			isa = PBXGroup;
			children = (
				2C180486208B947C00F62480 /* ast.cpp */,
				2C180487208B947C00F62480 /* ast.h */,
				2C180488208B947C00F62480 /* ast_basics.cpp */,
				2C180489208B947C00F62480 /* ast_basics.h */,
				2C18048A208B947C00F62480 /* expression.cpp */,
				2C18048B208B947C00F62480 /* expression.h */,
				2C18048C208B947C00F62480 /* statement.cpp */,
				2C18048D208B947C00F62480 /* statement.h */,
			);
			path = floyd_ast;
			sourceTree = "<group>";
		};
		2C182F20220BCD410003FC1F /* floyd_basics */ = {
			isa = PBXGroup;
			children = (
				2C384AD21F3B604E0028C742 /* ast_json.cpp */,
				2C384AD31F3B604E0028C742 /* ast_json.h */,
				2C4EF65321E4022100A9A7DB /* ast_typeid_helpers.cpp */,
				2C4EF65421E4022100A9A7DB /* ast_typeid_helpers.h */,
				2C574E48203107D80035EA62 /* ast_typeid.cpp */,
				2C574E49203107D80035EA62 /* ast_typeid.h */,
				2C4F355D1D4794CD0061CA93 /* ast_value.cpp */,
				2C4F355E1D4794CD0061CA93 /* ast_value.h */,
				2CB7AA692209E51E0011DE4B /* compiler_basics.cpp */,
				2CB7AA6A2209E51E0011DE4B /* compiler_basics.h */,
				2CB7AA63220900190011DE4B /* floyd_syntax.cpp */,
				2CB7AA64220900190011DE4B /* floyd_syntax.h */,
			);
			path = floyd_basics;
			sourceTree = "<group>";
		};
		2C1D84D41CA765A90042F0A8 = {
			isa = PBXGroup;
			children = (
				2C182F1F220B17780003FC1F /* README.md */,
				2CBB527B21F655A600E5024A /* examples */,
				2C1D84DF1CA765A90042F0A8 /* floyd_speak */,
				2CBF330B202143BC0030AE98 /* Frameworks */,
				2C1D84DE1CA765A90042F0A8 /* Products */,
				2CA7ED192211DB94009F0D6F /* docs */,
			);
			sourceTree = "<group>";
		};
		2C1D84DE1CA765A90042F0A8 /* Products */ = {
			isa = PBXGroup;
			children = (
				2C1D84DD1CA765A90042F0A8 /* floyd */,
			);
			name = Products;
			sourceTree = "<group>";
		};
		2C1D84DF1CA765A90042F0A8 /* floyd_speak */ = {
			isa = PBXGroup;
			children = (
				2C00DEC522198C4000DB322E /* floyd_runtime */,
				2C00DE2222198B0300DB322E /* libs */,
				2C182F20220BCD410003FC1F /* floyd_basics */,
				2CEB57462071069B0005AC7A /* benchmark_basics.cpp */,
				2CEB5748207106C60005AC7A /* benchmark_basics.h */,
				2C4699AC214EC97A007216BE /* bytecode_interpreter */,
				2C00BC411F2428FF0087B8BB /* cpp_experiments.cpp */,
				2C180485208B947C00F62480 /* floyd_ast */,
				2CCD83361CBA5BA3006033E4 /* floyd_main.cpp */,
				2C180464208B939700F62480 /* floyd_parser */,
				2CC34CBF21EF8882000F3CB6 /* floyd_repl.cpp */,
				2CC34CC021EF8882000F3CB6 /* floyd_repl.h */,
				2C02667A2014CAF000A82AD6 /* floyd_test_suite.cpp */,
				2C02667B2014CAF000A82AD6 /* floyd_test_suite.h */,
				2CB2A511203C4AA80001A19E /* interpretator_benchmark.cpp */,
				2CB2A513203C4ACB0001A19E /* interpretator_benchmark.h */,
				2CBCA7D81D569C6D000FAE81 /* parts */,
				2CB2A515203D642B0001A19E /* pass3.cpp */,
				2CB2A514203D64210001A19E /* pass3.h */,
				2CB30737214ACF09007D2732 /* software_system.cpp */,
				2CB30738214ACF09007D2732 /* software_system.h */,
			);
			path = floyd_speak;
			sourceTree = SOURCE_ROOT;
		};
		2C4699AC214EC97A007216BE /* bytecode_interpreter */ = {
			isa = PBXGroup;
			children = (
				2C982D3520603FE2002002FF /* bytecode_generator.cpp */,
				2C982D3720604002002002FF /* bytecode_generator.h */,
				2C5372B8207A9EBA00647AD1 /* bytecode_interpreter.cpp */,
				2C5372B7207A9EAD00647AD1 /* bytecode_interpreter.h */,
				2C81894B1D47B62400030C96 /* floyd_interpreter.cpp */,
				2C81894C1D47B62400030C96 /* floyd_interpreter.h */,
				2C557C362040173E006F6818 /* host_functions.cpp */,
				2C557C372040173E006F6818 /* host_functions.h */,
			);
			path = bytecode_interpreter;
			sourceTree = "<group>";
		};
		2CBB527B21F655A600E5024A /* examples */ = {
			isa = PBXGroup;
			children = (
				2CEB5744207106560005AC7A /* game_of_life.cpp */,
				2CBB527C21F6606E00E5024A /* game_of_life.floyd */,
				2C914FE021FB591B0007291D /* hello_world.floyd */,
				2CB30735214A9B35007D2732 /* process_test1.floyd */,
				2C36C082221DEF0900CAFEF4 /* test_main.floyd */,
				2C36C085221DF1C600CAFEF4 /* test.json */,
			);
			name = examples;
			path = floyd_speak/examples;
			sourceTree = "<group>";
		};
		2CBCA7D81D569C6D000FAE81 /* parts */ = {
			isa = PBXGroup;
			children = (
				2C5E343B21527C6700B02262 /* hardware_caps.cpp */,
				2C5E343E21527C8B00B02262 /* hardware_caps.h */,
				2C7200B321E8FB750013003B /* file_handling.cpp */,
				2C7200B221E8FB750013003B /* file_handling.h */,
				2CCC0D222141DCC700788BCB /* immer-master */,
				2C40A71D1D76E179003245E3 /* immutable_ref_value.cpp */,
				2C40A71E1D76E179003245E3 /* immutable_ref_value.h */,
				2C18045B208B917500F62480 /* json_support.cpp */,
				2C18045A208B917500F62480 /* json_support.h */,
				2C180454208B911A00F62480 /* quark.cpp */,
				2C180453208B911A00F62480 /* quark.h */,
				2CBCA7D91D569C6D000FAE81 /* sha1 */,
				2CBCA7DC1D569C6D000FAE81 /* sha1_class.cpp */,
				2CBCA7DD1D569C6D000FAE81 /* sha1_class.h */,
				2C18044A208B90E800F62480 /* text_parser.cpp */,
				2C180447208B90E800F62480 /* text_parser.h */,
				2C180448208B90E800F62480 /* utils.cpp */,
				2C180449208B90E800F62480 /* utils.h */,
			);
			path = parts;
			sourceTree = "<group>";
		};
		2CBCA7D91D569C6D000FAE81 /* sha1 */ = {
			isa = PBXGroup;
			children = (
				2CBCA7DA1D569C6D000FAE81 /* sha1.cpp */,
				2CBCA7DB1D569C6D000FAE81 /* sha1.h */,
			);
			path = sha1;
			sourceTree = "<group>";
		};
		2CBF330B202143BC0030AE98 /* Frameworks */ = {
			isa = PBXGroup;
			children = (
				2C530C2E21EA1DBE00F962FB /* CoreFoundation.framework */,
				2C64578E2021E32E003625C8 /* libedit.tbd */,
				2CBF330C202143BD0030AE98 /* libncurses.tbd */,
			);
			name = Frameworks;
			sourceTree = "<group>";
		};
/* End PBXGroup section */

/* Begin PBXNativeTarget section */
		2C1D84DC1CA765A90042F0A8 /* floyd_speak */ = {
			isa = PBXNativeTarget;
			buildConfigurationList = 2C1D84E41CA765A90042F0A8 /* Build configuration list for PBXNativeTarget "floyd_speak" */;
			buildPhases = (
				2C1D84D91CA765A90042F0A8 /* Sources */,
				2C1D84DA1CA765A90042F0A8 /* Frameworks */,
				2C1D84DB1CA765A90042F0A8 /* CopyFiles */,
			);
			buildRules = (
			);
			dependencies = (
			);
			name = floyd_speak;
			productName = FloydSpeak;
			productReference = 2C1D84DD1CA765A90042F0A8 /* floyd */;
			productType = "com.apple.product-type.tool";
		};
/* End PBXNativeTarget section */

/* Begin PBXProject section */
		2C1D84D51CA765A90042F0A8 /* Project object */ = {
			isa = PBXProject;
			attributes = {
				LastSwiftUpdateCheck = 0930;
				LastUpgradeCheck = 1000;
				ORGANIZATIONNAME = "Marcus Zetterquist";
				TargetAttributes = {
					2C1D84DC1CA765A90042F0A8 = {
						CreatedOnToolsVersion = 7.2.1;
					};
				};
			};
			buildConfigurationList = 2C1D84D81CA765A90042F0A8 /* Build configuration list for PBXProject "floyd_speak" */;
			compatibilityVersion = "Xcode 3.2";
			developmentRegion = English;
			hasScannedForEncodings = 0;
			knownRegions = (
				en,
			);
			mainGroup = 2C1D84D41CA765A90042F0A8;
			productRefGroup = 2C1D84DE1CA765A90042F0A8 /* Products */;
			projectDirPath = "";
			projectRoot = "";
			targets = (
				2C1D84DC1CA765A90042F0A8 /* floyd_speak */,
			);
		};
/* End PBXProject section */

/* Begin PBXSourcesBuildPhase section */
		2C1D84D91CA765A90042F0A8 /* Sources */ = {
			isa = PBXSourcesBuildPhase;
			buildActionMask = 2147483647;
			files = (
				2C5E343C21527C6700B02262 /* hardware_caps.cpp in Sources */,
				2C40A71F1D76E179003245E3 /* immutable_ref_value.cpp in Sources */,
				2C5372B9207A9EBA00647AD1 /* bytecode_interpreter.cpp in Sources */,
				2C00DEB622198B0300DB322E /* ResultTable.cpp in Sources */,
				2C00DEC022198B0300DB322E /* Callbacks.cpp in Sources */,
				2CCD83371CBA5BA3006033E4 /* floyd_main.cpp in Sources */,
				2CB30739214ACF09007D2732 /* software_system.cpp in Sources */,
				2C180475208B939800F62480 /* floyd_parser.cpp in Sources */,
				2C00DEBB22198B0300DB322E /* Print.cpp in Sources */,
				2C7200B421E8FB750013003B /* file_handling.cpp in Sources */,
				2C00DEB822198B0300DB322E /* Console.cpp in Sources */,
				2C574E4A203107D80035EA62 /* ast_typeid.cpp in Sources */,
				2C180483208B939800F62480 /* parser_primitives.cpp in Sources */,
				2CC34CC121EF8882000F3CB6 /* floyd_repl.cpp in Sources */,
				2C00DEB722198B0300DB322E /* JUnit.cpp in Sources */,
				2C00DEB922198B0300DB322E /* TestFixture.cpp in Sources */,
				2CB2A516203D642B0001A19E /* pass3.cpp in Sources */,
				2C00DEB322198B0300DB322E /* Distribution.cpp in Sources */,
				2C18044D208B90E900F62480 /* text_parser.cpp in Sources */,
				2C00DEBA22198B0300DB322E /* Timer.cpp in Sources */,
				2C00DEC322198B0300DB322E /* TestVector.cpp in Sources */,
				2CB7AA6B2209E51E0011DE4B /* compiler_basics.cpp in Sources */,
				2C00DEB522198B0300DB322E /* Experiment.cpp in Sources */,
				2C18044B208B90E900F62480 /* utils.cpp in Sources */,
				2C02667C2014CAF000A82AD6 /* floyd_test_suite.cpp in Sources */,
				2C00DEBE22198B0300DB322E /* Utilities.cpp in Sources */,
				2C00DEB122198B0300DB322E /* Exceptions.cpp in Sources */,
				2C00DEB422198B0300DB322E /* Executor.cpp in Sources */,
				2CBCA7DF1D569E07000FAE81 /* sha1.cpp in Sources */,
				2CEB57472071069B0005AC7A /* benchmark_basics.cpp in Sources */,
				2CEB5745207106560005AC7A /* game_of_life.cpp in Sources */,
				2C180494208B947C00F62480 /* statement.cpp in Sources */,
				2C982D3620603FE2002002FF /* bytecode_generator.cpp in Sources */,
				2C00DEBD22198B0300DB322E /* ExperimentResult.cpp in Sources */,
				2C00DEC122198B0300DB322E /* UserDefinedMeasurementCollector.cpp in Sources */,
				2C180455208B911B00F62480 /* quark.cpp in Sources */,
				2C384AD41F3B604E0028C742 /* ast_json.cpp in Sources */,
				2C00DEC422198B0300DB322E /* Archive.cpp in Sources */,
				2C18045F208B917500F62480 /* json_support.cpp in Sources */,
				2CB30736214A9B35007D2732 /* process_test1.floyd in Sources */,
				2C18048E208B947C00F62480 /* ast.cpp in Sources */,
				2C180490208B947C00F62480 /* ast_basics.cpp in Sources */,
				2C00DEC222198B0300DB322E /* ThreadTestFixture.cpp in Sources */,
				2C180477208B939800F62480 /* parse_expression.cpp in Sources */,
				2C557C382040173E006F6818 /* host_functions.cpp in Sources */,
				2C180492208B947C00F62480 /* expression.cpp in Sources */,
				2C18047D208B939800F62480 /* parse_statement.cpp in Sources */,
				2C00DEBF22198B0300DB322E /* Celero.cpp in Sources */,
				2C81894D1D47B62400030C96 /* floyd_interpreter.cpp in Sources */,
				2C4EF65521E4022100A9A7DB /* ast_typeid_helpers.cpp in Sources */,
				2C00DEB222198B0300DB322E /* Memory.cpp in Sources */,
				2C00DEC822198C6300DB322E /* floyd_runtime.cpp in Sources */,
				2CBCA7DE1D569E04000FAE81 /* sha1_class.cpp in Sources */,
				2C00DEBC22198B0300DB322E /* Benchmark.cpp in Sources */,
				2C4F355F1D4794CD0061CA93 /* ast_value.cpp in Sources */,
				2C00BC421F2428FF0087B8BB /* cpp_experiments.cpp in Sources */,
				2CB2A512203C4AA80001A19E /* interpretator_benchmark.cpp in Sources */,
				2C36C083221DF09E00CAFEF4 /* test_main.floyd in Sources */,
				2CB7AA65220900190011DE4B /* floyd_syntax.cpp in Sources */,
			);
			runOnlyForDeploymentPostprocessing = 0;
		};
/* End PBXSourcesBuildPhase section */

/* Begin XCBuildConfiguration section */
		2C0E14462063CDE50078EF4B /* Release - Profiling */ = {
			isa = XCBuildConfiguration;
			buildSettings = {
				ALWAYS_SEARCH_USER_PATHS = NO;
				CLANG_CXX_LANGUAGE_STANDARD = "c++17";
				CLANG_CXX_LIBRARY = "libc++";
				CLANG_WARN_BLOCK_CAPTURE_AUTORELEASING = YES;
				CLANG_WARN_BOOL_CONVERSION = YES;
				CLANG_WARN_COMMA = YES;
				CLANG_WARN_CONSTANT_CONVERSION = YES;
				CLANG_WARN_DEPRECATED_OBJC_IMPLEMENTATIONS = YES;
				CLANG_WARN_EMPTY_BODY = YES;
				CLANG_WARN_ENUM_CONVERSION = YES;
				CLANG_WARN_INFINITE_RECURSION = YES;
				CLANG_WARN_INT_CONVERSION = YES;
				CLANG_WARN_OBJC_IMPLICIT_RETAIN_SELF = YES;
				CLANG_WARN_RANGE_LOOP_ANALYSIS = YES;
				CLANG_WARN_STRICT_PROTOTYPES = YES;
				CLANG_WARN_SUSPICIOUS_IMPLICIT_CONVERSION = YES;
				CLANG_WARN_SUSPICIOUS_MOVE = YES;
				CLANG_WARN_UNREACHABLE_CODE = YES;
				CLANG_WARN__DUPLICATE_METHOD_MATCH = YES;
				CODE_SIGN_IDENTITY = "-";
				COPY_PHASE_STRIP = NO;
				DEBUG_INFORMATION_FORMAT = "dwarf-with-dsym";
				ENABLE_STRICT_OBJC_MSGSEND = YES;
				GCC_INSTRUMENT_PROGRAM_FLOW_ARCS = YES;
				GCC_NO_COMMON_BLOCKS = YES;
				GCC_OPTIMIZATION_LEVEL = fast;
				GCC_THREADSAFE_STATICS = NO;
				GCC_WARN_64_TO_32_BIT_CONVERSION = YES;
				GCC_WARN_ABOUT_MISSING_FIELD_INITIALIZERS = YES;
				GCC_WARN_ABOUT_MISSING_PROTOTYPES = NO;
				GCC_WARN_ABOUT_RETURN_TYPE = YES_ERROR;
				GCC_WARN_HIDDEN_VIRTUAL_FUNCTIONS = YES;
				GCC_WARN_INITIALIZER_NOT_FULLY_BRACKETED = YES;
				GCC_WARN_NON_VIRTUAL_DESTRUCTOR = YES;
				GCC_WARN_SHADOW = YES;
				GCC_WARN_UNDECLARED_SELECTOR = YES;
				GCC_WARN_UNINITIALIZED_AUTOS = YES_AGGRESSIVE;
				GCC_WARN_UNUSED_PARAMETER = NO;
				GCC_WARN_UNUSED_VARIABLE = YES;
				GENERATE_PROFILING_CODE = YES;
				HEADER_SEARCH_PATHS = "${SOURCE_ROOT}/floyd_speak/parts/immer-master/**";
				LIBRARY_SEARCH_PATHS = "";
				LLVM_LTO = YES;
				SDKROOT = macosx;
				SYSTEM_HEADER_SEARCH_PATHS = "${SOURCE_ROOT}/floyd_speak/libs/Celero-master/include/**";
			};
			name = "Release - Profiling";
		};
		2C0E14472063CDE50078EF4B /* Release - Profiling */ = {
			isa = XCBuildConfiguration;
			buildSettings = {
				GCC_PREPROCESSOR_DEFINITIONS = (
					"QUARK_ASSERT_ON=0",
					"QUARK_TRACE_ON=0",
				);
				HEADER_SEARCH_PATHS = "${SOURCE_ROOT}/floyd_speak/parts/immer-master/**";
				PRODUCT_NAME = floyd;
			};
			name = "Release - Profiling";
		};
		2C1D84E21CA765A90042F0A8 /* Debug */ = {
			isa = XCBuildConfiguration;
			buildSettings = {
				ALWAYS_SEARCH_USER_PATHS = NO;
				CLANG_CXX_LANGUAGE_STANDARD = "c++17";
				CLANG_CXX_LIBRARY = "libc++";
				CLANG_WARN_BLOCK_CAPTURE_AUTORELEASING = YES;
				CLANG_WARN_BOOL_CONVERSION = YES;
				CLANG_WARN_COMMA = YES;
				CLANG_WARN_CONSTANT_CONVERSION = YES;
				CLANG_WARN_DEPRECATED_OBJC_IMPLEMENTATIONS = YES;
				CLANG_WARN_EMPTY_BODY = YES;
				CLANG_WARN_ENUM_CONVERSION = YES;
				CLANG_WARN_INFINITE_RECURSION = YES;
				CLANG_WARN_INT_CONVERSION = YES;
				CLANG_WARN_OBJC_IMPLICIT_RETAIN_SELF = YES;
				CLANG_WARN_RANGE_LOOP_ANALYSIS = YES;
				CLANG_WARN_STRICT_PROTOTYPES = YES;
				CLANG_WARN_SUSPICIOUS_IMPLICIT_CONVERSION = YES;
				CLANG_WARN_SUSPICIOUS_MOVE = YES;
				CLANG_WARN_UNREACHABLE_CODE = YES;
				CLANG_WARN__DUPLICATE_METHOD_MATCH = YES;
				CODE_SIGN_IDENTITY = "-";
				COPY_PHASE_STRIP = NO;
				DEBUG_INFORMATION_FORMAT = dwarf;
				ENABLE_STRICT_OBJC_MSGSEND = YES;
				ENABLE_TESTABILITY = YES;
				GCC_NO_COMMON_BLOCKS = YES;
				GCC_OPTIMIZATION_LEVEL = 0;
				GCC_PREPROCESSOR_DEFINITIONS = (
					"DEBUG=1",
					"$(inherited)",
				);
				GCC_THREADSAFE_STATICS = NO;
				GCC_WARN_64_TO_32_BIT_CONVERSION = YES;
				GCC_WARN_ABOUT_MISSING_FIELD_INITIALIZERS = YES;
				GCC_WARN_ABOUT_MISSING_PROTOTYPES = NO;
				GCC_WARN_ABOUT_RETURN_TYPE = YES_ERROR;
				GCC_WARN_HIDDEN_VIRTUAL_FUNCTIONS = YES;
				GCC_WARN_INITIALIZER_NOT_FULLY_BRACKETED = YES;
				GCC_WARN_NON_VIRTUAL_DESTRUCTOR = YES;
				GCC_WARN_SHADOW = YES;
				GCC_WARN_UNDECLARED_SELECTOR = YES;
				GCC_WARN_UNINITIALIZED_AUTOS = YES_AGGRESSIVE;
				GCC_WARN_UNUSED_PARAMETER = NO;
				GCC_WARN_UNUSED_VARIABLE = YES;
				HEADER_SEARCH_PATHS = "${SOURCE_ROOT}/floyd_speak/parts/immer-master/**";
				LIBRARY_SEARCH_PATHS = "";
				ONLY_ACTIVE_ARCH = YES;
				SDKROOT = macosx;
				SYSTEM_HEADER_SEARCH_PATHS = "${SOURCE_ROOT}/floyd_speak/libs/Celero-master/include/**";
			};
			name = Debug;
		};
		2C1D84E31CA765A90042F0A8 /* Release */ = {
			isa = XCBuildConfiguration;
			buildSettings = {
				ALWAYS_SEARCH_USER_PATHS = NO;
				CLANG_CXX_LANGUAGE_STANDARD = "c++17";
				CLANG_CXX_LIBRARY = "libc++";
				CLANG_USE_OPTIMIZATION_PROFILE = NO;
				CLANG_WARN_BLOCK_CAPTURE_AUTORELEASING = YES;
				CLANG_WARN_BOOL_CONVERSION = YES;
				CLANG_WARN_COMMA = YES;
				CLANG_WARN_CONSTANT_CONVERSION = YES;
				CLANG_WARN_DEPRECATED_OBJC_IMPLEMENTATIONS = YES;
				CLANG_WARN_EMPTY_BODY = YES;
				CLANG_WARN_ENUM_CONVERSION = YES;
				CLANG_WARN_INFINITE_RECURSION = YES;
				CLANG_WARN_INT_CONVERSION = YES;
				CLANG_WARN_OBJC_IMPLICIT_RETAIN_SELF = YES;
				CLANG_WARN_RANGE_LOOP_ANALYSIS = YES;
				CLANG_WARN_STRICT_PROTOTYPES = YES;
				CLANG_WARN_SUSPICIOUS_IMPLICIT_CONVERSION = YES;
				CLANG_WARN_SUSPICIOUS_MOVE = YES;
				CLANG_WARN_UNREACHABLE_CODE = YES;
				CLANG_WARN__DUPLICATE_METHOD_MATCH = YES;
				CODE_SIGN_IDENTITY = "-";
				COPY_PHASE_STRIP = NO;
				DEBUG_INFORMATION_FORMAT = "dwarf-with-dsym";
				ENABLE_STRICT_OBJC_MSGSEND = YES;
				GCC_NO_COMMON_BLOCKS = YES;
				GCC_OPTIMIZATION_LEVEL = fast;
				GCC_THREADSAFE_STATICS = NO;
				GCC_WARN_64_TO_32_BIT_CONVERSION = YES;
				GCC_WARN_ABOUT_MISSING_FIELD_INITIALIZERS = YES;
				GCC_WARN_ABOUT_MISSING_PROTOTYPES = NO;
				GCC_WARN_ABOUT_RETURN_TYPE = YES_ERROR;
				GCC_WARN_HIDDEN_VIRTUAL_FUNCTIONS = YES;
				GCC_WARN_INITIALIZER_NOT_FULLY_BRACKETED = YES;
				GCC_WARN_NON_VIRTUAL_DESTRUCTOR = YES;
				GCC_WARN_SHADOW = YES;
				GCC_WARN_UNDECLARED_SELECTOR = YES;
				GCC_WARN_UNINITIALIZED_AUTOS = YES_AGGRESSIVE;
				GCC_WARN_UNUSED_PARAMETER = NO;
				GCC_WARN_UNUSED_VARIABLE = YES;
				HEADER_SEARCH_PATHS = "${SOURCE_ROOT}/floyd_speak/parts/immer-master/**";
				LIBRARY_SEARCH_PATHS = "";
				LLVM_LTO = YES;
				SDKROOT = macosx;
				SYSTEM_HEADER_SEARCH_PATHS = "${SOURCE_ROOT}/floyd_speak/libs/Celero-master/include/**";
			};
			name = Release;
		};
		2C1D84E51CA765A90042F0A8 /* Debug */ = {
			isa = XCBuildConfiguration;
			buildSettings = {
				GCC_PREPROCESSOR_DEFINITIONS = (
					"QUARK_ASSERT_ON=1",
					"QUARK_TRACE_ON=1",
					"$(inherited)",
				);
				HEADER_SEARCH_PATHS = "${SOURCE_ROOT}/floyd_speak/parts/immer-master/**";
				PRODUCT_NAME = floyd;
			};
			name = Debug;
		};
		2C1D84E61CA765A90042F0A8 /* Release */ = {
			isa = XCBuildConfiguration;
			buildSettings = {
				GCC_PREPROCESSOR_DEFINITIONS = (
					"QUARK_ASSERT_ON=0",
					"QUARK_TRACE_ON=0",
				);
				HEADER_SEARCH_PATHS = "${SOURCE_ROOT}/floyd_speak/parts/immer-master/**";
				PRODUCT_NAME = floyd;
			};
			name = Release;
		};
/* End XCBuildConfiguration section */

/* Begin XCConfigurationList section */
		2C1D84D81CA765A90042F0A8 /* Build configuration list for PBXProject "floyd_speak" */ = {
			isa = XCConfigurationList;
			buildConfigurations = (
				2C1D84E21CA765A90042F0A8 /* Debug */,
				2C1D84E31CA765A90042F0A8 /* Release */,
				2C0E14462063CDE50078EF4B /* Release - Profiling */,
			);
			defaultConfigurationIsVisible = 0;
			defaultConfigurationName = Release;
		};
		2C1D84E41CA765A90042F0A8 /* Build configuration list for PBXNativeTarget "floyd_speak" */ = {
			isa = XCConfigurationList;
			buildConfigurations = (
				2C1D84E51CA765A90042F0A8 /* Debug */,
				2C1D84E61CA765A90042F0A8 /* Release */,
				2C0E14472063CDE50078EF4B /* Release - Profiling */,
			);
			defaultConfigurationIsVisible = 0;
			defaultConfigurationName = Release;
		};
/* End XCConfigurationList section */
	};
	rootObject = 2C1D84D51CA765A90042F0A8 /* Project object */;
}
