// !$*UTF8*$!
{
	archiveVersion = 1;
	classes = {
	};
	objectVersion = 46;
	objects = {

/* Begin PBXBuildFile section */
		2C1D84E11CA765A90042F0A8 /* main.cpp in Sources */ = {isa = PBXBuildFile; fileRef = 2C1D84E01CA765A90042F0A8 /* main.cpp */; };
		2C1D84EC1CA766470042F0A8 /* main 2.cpp in Sources */ = {isa = PBXBuildFile; fileRef = 2C1D84E71CA766470042F0A8 /* main 2.cpp */; };
		2C1D84ED1CA766470042F0A8 /* quark.cpp in Sources */ = {isa = PBXBuildFile; fileRef = 2C1D84E81CA766470042F0A8 /* quark.cpp */; };
		2C1D84EE1CA766470042F0A8 /* steady_vector.cpp in Sources */ = {isa = PBXBuildFile; fileRef = 2C1D84EA1CA766470042F0A8 /* steady_vector.cpp */; };
/* End PBXBuildFile section */

/* Begin PBXCopyFilesBuildPhase section */
		2C1D84DB1CA765A90042F0A8 /* CopyFiles */ = {
			isa = PBXCopyFilesBuildPhase;
			buildActionMask = 2147483647;
			dstPath = /usr/share/man/man1/;
			dstSubfolderSpec = 0;
			files = (
			);
			runOnlyForDeploymentPostprocessing = 1;
		};
/* End PBXCopyFilesBuildPhase section */

/* Begin PBXFileReference section */
		2C1D84DD1CA765A90042F0A8 /* FloydSpeak */ = {isa = PBXFileReference; explicitFileType = "compiled.mach-o.executable"; includeInIndex = 0; path = FloydSpeak; sourceTree = BUILT_PRODUCTS_DIR; };
		2C1D84E01CA765A90042F0A8 /* main.cpp */ = {isa = PBXFileReference; lastKnownFileType = sourcecode.cpp.cpp; path = main.cpp; sourceTree = "<group>"; };
		2C1D84E71CA766470042F0A8 /* main 2.cpp */ = {isa = PBXFileReference; fileEncoding = 4; lastKnownFileType = sourcecode.cpp.cpp; path = "main 2.cpp"; sourceTree = "<group>"; };
		2C1D84E81CA766470042F0A8 /* quark.cpp */ = {isa = PBXFileReference; fileEncoding = 4; lastKnownFileType = sourcecode.cpp.cpp; path = quark.cpp; sourceTree = "<group>"; };
		2C1D84E91CA766470042F0A8 /* quark.h */ = {isa = PBXFileReference; fileEncoding = 4; lastKnownFileType = sourcecode.c.h; path = quark.h; sourceTree = "<group>"; };
		2C1D84EA1CA766470042F0A8 /* steady_vector.cpp */ = {isa = PBXFileReference; fileEncoding = 4; lastKnownFileType = sourcecode.cpp.cpp; path = steady_vector.cpp; sourceTree = "<group>"; };
		2C1D84EB1CA766470042F0A8 /* steady_vector.h */ = {isa = PBXFileReference; fileEncoding = 4; lastKnownFileType = sourcecode.c.h; path = steady_vector.h; sourceTree = "<group>"; };
/* End PBXFileReference section */

/* Begin PBXFrameworksBuildPhase section */
		2C1D84DA1CA765A90042F0A8 /* Frameworks */ = {
			isa = PBXFrameworksBuildPhase;
			buildActionMask = 2147483647;
			files = (
			);
			runOnlyForDeploymentPostprocessing = 0;
		};
/* End PBXFrameworksBuildPhase section */

/* Begin PBXGroup section */
		2C1D84D41CA765A90042F0A8 = {
			isa = PBXGroup;
			children = (
				2C1D84DF1CA765A90042F0A8 /* FloydSpeak */,
				2C1D84DE1CA765A90042F0A8 /* Products */,
			);
			sourceTree = "<group>";
		};
		2C1D84DE1CA765A90042F0A8 /* Products */ = {
			isa = PBXGroup;
			children = (
				2C1D84DD1CA765A90042F0A8 /* FloydSpeak */,
			);
			name = Products;
			sourceTree = "<group>";
		};
		2C1D84DF1CA765A90042F0A8 /* FloydSpeak */ = {
			isa = PBXGroup;
			children = (
				2C1D84E01CA765A90042F0A8 /* main.cpp */,
				2C1D84E71CA766470042F0A8 /* main 2.cpp */,
				2C1D84E81CA766470042F0A8 /* quark.cpp */,
				2C1D84E91CA766470042F0A8 /* quark.h */,
				2C1D84EA1CA766470042F0A8 /* steady_vector.cpp */,
				2C1D84EB1CA766470042F0A8 /* steady_vector.h */,
			);
			path = FloydSpeak;
			sourceTree = "<group>";
		};
/* End PBXGroup section */

/* Begin PBXNativeTarget section */
		2C1D84DC1CA765A90042F0A8 /* FloydSpeak */ = {
			isa = PBXNativeTarget;
			buildConfigurationList = 2C1D84E41CA765A90042F0A8 /* Build configuration list for PBXNativeTarget "FloydSpeak" */;
			buildPhases = (
				2C1D84D91CA765A90042F0A8 /* Sources */,
				2C1D84DA1CA765A90042F0A8 /* Frameworks */,
				2C1D84DB1CA765A90042F0A8 /* CopyFiles */,
			);
			buildRules = (
			);
			dependencies = (
			);
			name = FloydSpeak;
			productName = FloydSpeak;
			productReference = 2C1D84DD1CA765A90042F0A8 /* FloydSpeak */;
			productType = "com.apple.product-type.tool";
		};
/* End PBXNativeTarget section */

/* Begin PBXProject section */
		2C1D84D51CA765A90042F0A8 /* Project object */ = {
			isa = PBXProject;
			attributes = {
				LastUpgradeCheck = 0720;
				ORGANIZATIONNAME = "Marcus Zetterquist";
				TargetAttributes = {
					2C1D84DC1CA765A90042F0A8 = {
						CreatedOnToolsVersion = 7.2.1;
					};
				};
			};
			buildConfigurationList = 2C1D84D81CA765A90042F0A8 /* Build configuration list for PBXProject "FloydSpeak" */;
			compatibilityVersion = "Xcode 3.2";
			developmentRegion = English;
			hasScannedForEncodings = 0;
			knownRegions = (
				en,
			);
			mainGroup = 2C1D84D41CA765A90042F0A8;
			productRefGroup = 2C1D84DE1CA765A90042F0A8 /* Products */;
			projectDirPath = "";
			projectRoot = "";
			targets = (
				2C1D84DC1CA765A90042F0A8 /* FloydSpeak */,
			);
		};
/* End PBXProject section */

/* Begin PBXSourcesBuildPhase section */
		2C1D84D91CA765A90042F0A8 /* Sources */ = {
			isa = PBXSourcesBuildPhase;
			buildActionMask = 2147483647;
			files = (
				2C1D84EC1CA766470042F0A8 /* main 2.cpp in Sources */,
				2C1D84E11CA765A90042F0A8 /* main.cpp in Sources */,
				2C1D84EE1CA766470042F0A8 /* steady_vector.cpp in Sources */,
				2C1D84ED1CA766470042F0A8 /* quark.cpp in Sources */,
			);
			runOnlyForDeploymentPostprocessing = 0;
		};
/* End PBXSourcesBuildPhase section */

/* Begin XCBuildConfiguration section */
		2C1D84E21CA765A90042F0A8 /* Debug */ = {
			isa = XCBuildConfiguration;
			buildSettings = {
				ALWAYS_SEARCH_USER_PATHS = NO;
				CLANG_CXX_LANGUAGE_STANDARD = "gnu++0x";
				CLANG_CXX_LIBRARY = "libc++";
				CLANG_ENABLE_MODULES = YES;
				CLANG_ENABLE_OBJC_ARC = YES;
				CLANG_WARN_BOOL_CONVERSION = YES;
				CLANG_WARN_CONSTANT_CONVERSION = YES;
				CLANG_WARN_DIRECT_OBJC_ISA_USAGE = YES_ERROR;
				CLANG_WARN_EMPTY_BODY = YES;
				CLANG_WARN_ENUM_CONVERSION = YES;
				CLANG_WARN_INT_CONVERSION = YES;
				CLANG_WARN_OBJC_ROOT_CLASS = YES_ERROR;
				CLANG_WARN_UNREACHABLE_CODE = YES;
				CLANG_WARN__DUPLICATE_METHOD_MATCH = YES;
				CODE_SIGN_IDENTITY = "-";
				COPY_PHASE_STRIP = NO;
				DEBUG_INFORMATION_FORMAT = dwarf;
				ENABLE_STRICT_OBJC_MSGSEND = YES;
				ENABLE_TESTABILITY = YES;
				GCC_C_LANGUAGE_STANDARD = gnu99;
				GCC_DYNAMIC_NO_PIC = NO;
				GCC_NO_COMMON_BLOCKS = YES;
				GCC_OPTIMIZATION_LEVEL = 0;
				GCC_PREPROCESSOR_DEFINITIONS = (
					"DEBUG=1",
					"$(inherited)",
				);
				GCC_WARN_64_TO_32_BIT_CONVERSION = YES;
				GCC_WARN_ABOUT_RETURN_TYPE = YES_ERROR;
				GCC_WARN_UNDECLARED_SELECTOR = YES;
				GCC_WARN_UNINITIALIZED_AUTOS = YES_AGGRESSIVE;
				GCC_WARN_UNUSED_FUNCTION = YES;
				GCC_WARN_UNUSED_VARIABLE = YES;
				MACOSX_DEPLOYMENT_TARGET = 10.11;
				MTL_ENABLE_DEBUG_INFO = YES;
				ONLY_ACTIVE_ARCH = YES;
				SDKROOT = macosx;
			};
			name = Debug;
		};
		2C1D84E31CA765A90042F0A8 /* Release */ = {
			isa = XCBuildConfiguration;
			buildSettings = {
				ALWAYS_SEARCH_USER_PATHS = NO;
				CLANG_CXX_LANGUAGE_STANDARD = "gnu++0x";
				CLANG_CXX_LIBRARY = "libc++";
				CLANG_ENABLE_MODULES = YES;
				CLANG_ENABLE_OBJC_ARC = YES;
				CLANG_WARN_BOOL_CONVERSION = YES;
				CLANG_WARN_CONSTANT_CONVERSION = YES;
				CLANG_WARN_DIRECT_OBJC_ISA_USAGE = YES_ERROR;
				CLANG_WARN_EMPTY_BODY = YES;
				CLANG_WARN_ENUM_CONVERSION = YES;
				CLANG_WARN_INT_CONVERSION = YES;
				CLANG_WARN_OBJC_ROOT_CLASS = YES_ERROR;
				CLANG_WARN_UNREACHABLE_CODE = YES;
				CLANG_WARN__DUPLICATE_METHOD_MATCH = YES;
				CODE_SIGN_IDENTITY = "-";
				COPY_PHASE_STRIP = NO;
				DEBUG_INFORMATION_FORMAT = "dwarf-with-dsym";
				ENABLE_NS_ASSERTIONS = NO;
				ENABLE_STRICT_OBJC_MSGSEND = YES;
				GCC_C_LANGUAGE_STANDARD = gnu99;
				GCC_NO_COMMON_BLOCKS = YES;
				GCC_WARN_64_TO_32_BIT_CONVERSION = YES;
				GCC_WARN_ABOUT_RETURN_TYPE = YES_ERROR;
				GCC_WARN_UNDECLARED_SELECTOR = YES;
				GCC_WARN_UNINITIALIZED_AUTOS = YES_AGGRESSIVE;
				GCC_WARN_UNUSED_FUNCTION = YES;
				GCC_WARN_UNUSED_VARIABLE = YES;
				MACOSX_DEPLOYMENT_TARGET = 10.11;
				MTL_ENABLE_DEBUG_INFO = NO;
				SDKROOT = macosx;
			};
			name = Release;
		};
		2C1D84E51CA765A90042F0A8 /* Debug */ = {
			isa = XCBuildConfiguration;
			buildSettings = {
				PRODUCT_NAME = "$(TARGET_NAME)";
			};
			name = Debug;
		};
		2C1D84E61CA765A90042F0A8 /* Release */ = {
			isa = XCBuildConfiguration;
			buildSettings = {
				PRODUCT_NAME = "$(TARGET_NAME)";
			};
			name = Release;
		};
/* End XCBuildConfiguration section */

/* Begin XCConfigurationList section */
		2C1D84D81CA765A90042F0A8 /* Build configuration list for PBXProject "FloydSpeak" */ = {
			isa = XCConfigurationList;
			buildConfigurations = (
				2C1D84E21CA765A90042F0A8 /* Debug */,
				2C1D84E31CA765A90042F0A8 /* Release */,
			);
			defaultConfigurationIsVisible = 0;
			defaultConfigurationName = Release;
		};
		2C1D84E41CA765A90042F0A8 /* Build configuration list for PBXNativeTarget "FloydSpeak" */ = {
			isa = XCConfigurationList;
			buildConfigurations = (
				2C1D84E51CA765A90042F0A8 /* Debug */,
				2C1D84E61CA765A90042F0A8 /* Release */,
			);
			defaultConfigurationIsVisible = 0;
		};
/* End XCConfigurationList section */
	};
	rootObject = 2C1D84D51CA765A90042F0A8 /* Project object */;
}
