// !$*UTF8*$!
{
	archiveVersion = 1;
	classes = {
	};
	objectVersion = 46;
	objects = {

/* Begin PBXBuildFile section */
		2C0056AB1D5CF2D2009F8219 /* utils.cpp in Sources */ = {isa = PBXBuildFile; fileRef = 2C0056A91D5CF2D2009F8219 /* utils.cpp */; };
		2C0056AD1D5D53FD009F8219 /* json_writer.cpp in Sources */ = {isa = PBXBuildFile; fileRef = 2C0056AC1D5D53FD009F8219 /* json_writer.cpp */; };
		2C0056B11D5D5E88009F8219 /* json_parser.cpp in Sources */ = {isa = PBXBuildFile; fileRef = 2C0056AF1D5D5E88009F8219 /* json_parser.cpp */; };
		2C00BC421F2428FF0087B8BB /* cpp_experiments.cpp in Sources */ = {isa = PBXBuildFile; fileRef = 2C00BC411F2428FF0087B8BB /* cpp_experiments.cpp */; };
		2C0AC17C1CADB26B00979C49 /* runtime.cpp in Sources */ = {isa = PBXBuildFile; fileRef = 2C0AC17A1CADB26B00979C49 /* runtime.cpp */; };
		2C1D84E11CA765A90042F0A8 /* floyd_parser.cpp in Sources */ = {isa = PBXBuildFile; fileRef = 2C1D84E01CA765A90042F0A8 /* floyd_parser.cpp */; };
		2C1D84ED1CA766470042F0A8 /* quark.cpp in Sources */ = {isa = PBXBuildFile; fileRef = 2C1D84E81CA766470042F0A8 /* quark.cpp */; };
		2C384AD41F3B604E0028C742 /* floyd_basics.cpp in Sources */ = {isa = PBXBuildFile; fileRef = 2C384AD21F3B604E0028C742 /* floyd_basics.cpp */; };
		2C40A71F1D76E179003245E3 /* immutable_ref_value.cpp in Sources */ = {isa = PBXBuildFile; fileRef = 2C40A71D1D76E179003245E3 /* immutable_ref_value.cpp */; };
		2C4427A5200CED94006AAE1A /* parse_prefixless_statement.cpp in Sources */ = {isa = PBXBuildFile; fileRef = 2C4427A3200CED94006AAE1A /* parse_prefixless_statement.cpp */; };
		2C4F355C1D4792C60061CA93 /* parse_expression.cpp in Sources */ = {isa = PBXBuildFile; fileRef = 2C4F355A1D4792C60061CA93 /* parse_expression.cpp */; };
		2C4F355F1D4794CD0061CA93 /* parser_value.cpp in Sources */ = {isa = PBXBuildFile; fileRef = 2C4F355D1D4794CD0061CA93 /* parser_value.cpp */; };
		2C4F35621D4795C20061CA93 /* parse_statement.cpp in Sources */ = {isa = PBXBuildFile; fileRef = 2C4F35601D4795C20061CA93 /* parse_statement.cpp */; };
		2C71179E1D6E48AE004B8F69 /* parser2.cpp in Sources */ = {isa = PBXBuildFile; fileRef = 2C71179C1D6E48AE004B8F69 /* parser2.cpp */; };
		2C81894D1D47B62400030C96 /* floyd_interpreter.cpp in Sources */ = {isa = PBXBuildFile; fileRef = 2C81894B1D47B62400030C96 /* floyd_interpreter.cpp */; };
		2C8270041D46D9A300E697ED /* parser_primitives.cpp in Sources */ = {isa = PBXBuildFile; fileRef = 2C8270021D46D9A300E697ED /* parser_primitives.cpp */; };
		2C8270071D46E0DD00E697ED /* text_parser.cpp in Sources */ = {isa = PBXBuildFile; fileRef = 2C8270051D46E0DD00E697ED /* text_parser.cpp */; };
		2C95E6C91D5A8D5100186D5A /* json_support.cpp in Sources */ = {isa = PBXBuildFile; fileRef = 2C95E6C71D5A8D5100186D5A /* json_support.cpp */; };
		2C95E6CC1D5A8E2B00186D5A /* parser_ast.cpp in Sources */ = {isa = PBXBuildFile; fileRef = 2C95E6CA1D5A8E2B00186D5A /* parser_ast.cpp */; };
		2C95E6CE1D5A9F3500186D5A /* statements.cpp in Sources */ = {isa = PBXBuildFile; fileRef = 2C95E6CD1D5A9F3500186D5A /* statements.cpp */; };
		2C95E6D21D5AA47200186D5A /* llvm_code_gen.cpp in Sources */ = {isa = PBXBuildFile; fileRef = 2C95E6D01D5AA47200186D5A /* llvm_code_gen.cpp */; };
		2CA061CC1D4C317A0045AF86 /* parse_function_def.cpp in Sources */ = {isa = PBXBuildFile; fileRef = 2CA061CA1D4C317A0045AF86 /* parse_function_def.cpp */; };
		2CA061CF1D4C34B70045AF86 /* parse_struct_def.cpp in Sources */ = {isa = PBXBuildFile; fileRef = 2CA061CD1D4C34B70045AF86 /* parse_struct_def.cpp */; };
		2CBCA7DE1D569E04000FAE81 /* sha1_class.cpp in Sources */ = {isa = PBXBuildFile; fileRef = 2CBCA7DC1D569C6D000FAE81 /* sha1_class.cpp */; };
		2CBCA7DF1D569E07000FAE81 /* sha1.cpp in Sources */ = {isa = PBXBuildFile; fileRef = 2CBCA7DA1D569C6D000FAE81 /* sha1.cpp */; };
		2CC50E211CE485FF008D78C7 /* game_of_life1.cpp in Sources */ = {isa = PBXBuildFile; fileRef = 2CC50E201CE485AF008D78C7 /* game_of_life1.cpp */; };
		2CC50E251CE48748008D78C7 /* game_of_life2.cpp in Sources */ = {isa = PBXBuildFile; fileRef = 2CC50E231CE48748008D78C7 /* game_of_life2.cpp */; };
		2CC50E281CE49A4C008D78C7 /* game_of_life3.cpp in Sources */ = {isa = PBXBuildFile; fileRef = 2CC50E261CE49A4C008D78C7 /* game_of_life3.cpp */; };
		2CC50E2A1CE49F09008D78C7 /* game_of_life_ut.cpp in Sources */ = {isa = PBXBuildFile; fileRef = 2CC50E291CE49F09008D78C7 /* game_of_life_ut.cpp */; };
		2CCD83371CBA5BA3006033E4 /* floyd_main.cpp in Sources */ = {isa = PBXBuildFile; fileRef = 2CCD83361CBA5BA3006033E4 /* floyd_main.cpp */; };
		2CD68C611D5A71610070892A /* pass2.cpp in Sources */ = {isa = PBXBuildFile; fileRef = 2CD68C5F1D5A71610070892A /* pass2.cpp */; };
		2CD9283F1D515AF100243F0A /* expressions.cpp in Sources */ = {isa = PBXBuildFile; fileRef = 2CD9283D1D515AF100243F0A /* expressions.cpp */; };
/* End PBXBuildFile section */

/* Begin PBXCopyFilesBuildPhase section */
		2C1D84DB1CA765A90042F0A8 /* CopyFiles */ = {
			isa = PBXCopyFilesBuildPhase;
			buildActionMask = 2147483647;
			dstPath = /usr/share/man/man1/;
			dstSubfolderSpec = 0;
			files = (
			);
			runOnlyForDeploymentPostprocessing = 1;
		};
/* End PBXCopyFilesBuildPhase section */

/* Begin PBXFileReference section */
		2C0056A91D5CF2D2009F8219 /* utils.cpp */ = {isa = PBXFileReference; fileEncoding = 4; lastKnownFileType = sourcecode.cpp.cpp; name = utils.cpp; path = ../utils.cpp; sourceTree = "<group>"; };
		2C0056AA1D5CF2D2009F8219 /* utils.h */ = {isa = PBXFileReference; fileEncoding = 4; lastKnownFileType = sourcecode.c.h; name = utils.h; path = ../utils.h; sourceTree = "<group>"; };
		2C0056AC1D5D53FD009F8219 /* json_writer.cpp */ = {isa = PBXFileReference; fileEncoding = 4; lastKnownFileType = sourcecode.cpp.cpp; name = json_writer.cpp; path = ../json_writer.cpp; sourceTree = "<group>"; };
		2C0056AE1D5D5422009F8219 /* json_writer.h */ = {isa = PBXFileReference; fileEncoding = 4; lastKnownFileType = sourcecode.c.h; name = json_writer.h; path = ../json_writer.h; sourceTree = "<group>"; };
		2C0056AF1D5D5E88009F8219 /* json_parser.cpp */ = {isa = PBXFileReference; fileEncoding = 4; lastKnownFileType = sourcecode.cpp.cpp; name = json_parser.cpp; path = ../json_parser.cpp; sourceTree = "<group>"; };
		2C0056B01D5D5E88009F8219 /* json_parser.h */ = {isa = PBXFileReference; fileEncoding = 4; lastKnownFileType = sourcecode.c.h; name = json_parser.h; path = ../json_parser.h; sourceTree = "<group>"; };
		2C00BC411F2428FF0087B8BB /* cpp_experiments.cpp */ = {isa = PBXFileReference; fileEncoding = 4; lastKnownFileType = sourcecode.cpp.cpp; path = cpp_experiments.cpp; sourceTree = "<group>"; };
		2C0AC17A1CADB26B00979C49 /* runtime.cpp */ = {isa = PBXFileReference; fileEncoding = 4; lastKnownFileType = sourcecode.cpp.cpp; path = runtime.cpp; sourceTree = "<group>"; };
		2C0AC17B1CADB26B00979C49 /* runtime.h */ = {isa = PBXFileReference; fileEncoding = 4; lastKnownFileType = sourcecode.c.h; path = runtime.h; sourceTree = "<group>"; };
		2C1D84DD1CA765A90042F0A8 /* FloydSpeak */ = {isa = PBXFileReference; explicitFileType = "compiled.mach-o.executable"; includeInIndex = 0; path = FloydSpeak; sourceTree = BUILT_PRODUCTS_DIR; };
		2C1D84E01CA765A90042F0A8 /* floyd_parser.cpp */ = {isa = PBXFileReference; lastKnownFileType = sourcecode.cpp.cpp; path = floyd_parser.cpp; sourceTree = "<group>"; };
		2C1D84E81CA766470042F0A8 /* quark.cpp */ = {isa = PBXFileReference; fileEncoding = 4; lastKnownFileType = sourcecode.cpp.cpp; name = quark.cpp; path = ../quark.cpp; sourceTree = "<group>"; };
		2C1D84E91CA766470042F0A8 /* quark.h */ = {isa = PBXFileReference; fileEncoding = 4; lastKnownFileType = sourcecode.c.h; name = quark.h; path = ../quark.h; sourceTree = "<group>"; };
		2C1D84EA1CA766470042F0A8 /* steady_vector.cpp */ = {isa = PBXFileReference; fileEncoding = 4; lastKnownFileType = sourcecode.cpp.cpp; name = steady_vector.cpp; path = ../steady_vector.cpp; sourceTree = "<group>"; };
		2C1D84EB1CA766470042F0A8 /* steady_vector.h */ = {isa = PBXFileReference; fileEncoding = 4; lastKnownFileType = sourcecode.c.h; name = steady_vector.h; path = ../steady_vector.h; sourceTree = "<group>"; };
		2C384AD21F3B604E0028C742 /* floyd_basics.cpp */ = {isa = PBXFileReference; fileEncoding = 4; lastKnownFileType = sourcecode.cpp.cpp; path = floyd_basics.cpp; sourceTree = "<group>"; };
		2C384AD31F3B604E0028C742 /* floyd_basics.h */ = {isa = PBXFileReference; fileEncoding = 4; lastKnownFileType = sourcecode.c.h; path = floyd_basics.h; sourceTree = "<group>"; };
		2C40A71D1D76E179003245E3 /* immutable_ref_value.cpp */ = {isa = PBXFileReference; fileEncoding = 4; lastKnownFileType = sourcecode.cpp.cpp; path = immutable_ref_value.cpp; sourceTree = "<group>"; };
		2C40A71E1D76E179003245E3 /* immutable_ref_value.h */ = {isa = PBXFileReference; fileEncoding = 4; lastKnownFileType = sourcecode.c.h; path = immutable_ref_value.h; sourceTree = "<group>"; };
		2C4427A3200CED94006AAE1A /* parse_prefixless_statement.cpp */ = {isa = PBXFileReference; fileEncoding = 4; lastKnownFileType = sourcecode.cpp.cpp; path = parse_prefixless_statement.cpp; sourceTree = "<group>"; };
		2C4427A4200CED94006AAE1A /* parse_prefixless_statement.h */ = {isa = PBXFileReference; fileEncoding = 4; lastKnownFileType = sourcecode.c.h; path = parse_prefixless_statement.h; sourceTree = "<group>"; };
		2C4F355A1D4792C60061CA93 /* parse_expression.cpp */ = {isa = PBXFileReference; fileEncoding = 4; lastKnownFileType = sourcecode.cpp.cpp; path = parse_expression.cpp; sourceTree = "<group>"; };
		2C4F355B1D4792C60061CA93 /* parse_expression.h */ = {isa = PBXFileReference; fileEncoding = 4; lastKnownFileType = sourcecode.c.h; path = parse_expression.h; sourceTree = "<group>"; };
		2C4F355D1D4794CD0061CA93 /* parser_value.cpp */ = {isa = PBXFileReference; fileEncoding = 4; lastKnownFileType = sourcecode.cpp.cpp; path = parser_value.cpp; sourceTree = "<group>"; };
		2C4F355E1D4794CD0061CA93 /* parser_value.h */ = {isa = PBXFileReference; fileEncoding = 4; lastKnownFileType = sourcecode.c.h; path = parser_value.h; sourceTree = "<group>"; };
		2C4F35601D4795C20061CA93 /* parse_statement.cpp */ = {isa = PBXFileReference; fileEncoding = 4; lastKnownFileType = sourcecode.cpp.cpp; path = parse_statement.cpp; sourceTree = "<group>"; };
		2C4F35611D4795C20061CA93 /* parse_statement.h */ = {isa = PBXFileReference; fileEncoding = 4; lastKnownFileType = sourcecode.c.h; path = parse_statement.h; sourceTree = "<group>"; };
		2C5F60CC1D5E3345006E0A89 /* json_for_modern_cpp.h */ = {isa = PBXFileReference; fileEncoding = 4; lastKnownFileType = sourcecode.c.h; path = json_for_modern_cpp.h; sourceTree = "<group>"; };
		2C61FC651F226BE300DE7B59 /* game_of_life.floyd */ = {isa = PBXFileReference; lastKnownFileType = text; path = game_of_life.floyd; sourceTree = "<group>"; };
		2C71179C1D6E48AE004B8F69 /* parser2.cpp */ = {isa = PBXFileReference; fileEncoding = 4; lastKnownFileType = sourcecode.cpp.cpp; path = parser2.cpp; sourceTree = "<group>"; };
		2C789ED71CBA54C400DDBD3C /* floyd_parser.h */ = {isa = PBXFileReference; fileEncoding = 4; lastKnownFileType = sourcecode.c.h; path = floyd_parser.h; sourceTree = "<group>"; };
		2C81894B1D47B62400030C96 /* floyd_interpreter.cpp */ = {isa = PBXFileReference; fileEncoding = 4; lastKnownFileType = sourcecode.cpp.cpp; path = floyd_interpreter.cpp; sourceTree = "<group>"; };
		2C81894C1D47B62400030C96 /* floyd_interpreter.h */ = {isa = PBXFileReference; fileEncoding = 4; lastKnownFileType = sourcecode.c.h; path = floyd_interpreter.h; sourceTree = "<group>"; };
		2C8270021D46D9A300E697ED /* parser_primitives.cpp */ = {isa = PBXFileReference; fileEncoding = 4; lastKnownFileType = sourcecode.cpp.cpp; path = parser_primitives.cpp; sourceTree = "<group>"; };
		2C8270031D46D9A300E697ED /* parser_primitives.h */ = {isa = PBXFileReference; fileEncoding = 4; lastKnownFileType = sourcecode.c.h; path = parser_primitives.h; sourceTree = "<group>"; };
		2C8270051D46E0DD00E697ED /* text_parser.cpp */ = {isa = PBXFileReference; fileEncoding = 4; lastKnownFileType = sourcecode.cpp.cpp; name = text_parser.cpp; path = ../text_parser.cpp; sourceTree = "<group>"; };
		2C8270061D46E0DD00E697ED /* text_parser.h */ = {isa = PBXFileReference; fileEncoding = 4; lastKnownFileType = sourcecode.c.h; name = text_parser.h; path = ../text_parser.h; sourceTree = "<group>"; };
		2C95E6C71D5A8D5100186D5A /* json_support.cpp */ = {isa = PBXFileReference; fileEncoding = 4; lastKnownFileType = sourcecode.cpp.cpp; name = json_support.cpp; path = ../json_support.cpp; sourceTree = "<group>"; };
		2C95E6C81D5A8D5100186D5A /* json_support.h */ = {isa = PBXFileReference; fileEncoding = 4; lastKnownFileType = sourcecode.c.h; name = json_support.h; path = ../json_support.h; sourceTree = "<group>"; };
		2C95E6CA1D5A8E2B00186D5A /* parser_ast.cpp */ = {isa = PBXFileReference; fileEncoding = 4; lastKnownFileType = sourcecode.cpp.cpp; path = parser_ast.cpp; sourceTree = "<group>"; };
		2C95E6CB1D5A8E2B00186D5A /* parser_ast.h */ = {isa = PBXFileReference; fileEncoding = 4; lastKnownFileType = sourcecode.c.h; path = parser_ast.h; sourceTree = "<group>"; };
		2C95E6CD1D5A9F3500186D5A /* statements.cpp */ = {isa = PBXFileReference; fileEncoding = 4; lastKnownFileType = sourcecode.cpp.cpp; path = statements.cpp; sourceTree = "<group>"; };
		2C95E6CF1D5A9F4E00186D5A /* statements.h */ = {isa = PBXFileReference; fileEncoding = 4; lastKnownFileType = sourcecode.c.h; path = statements.h; sourceTree = "<group>"; };
		2C95E6D01D5AA47200186D5A /* llvm_code_gen.cpp */ = {isa = PBXFileReference; fileEncoding = 4; lastKnownFileType = sourcecode.cpp.cpp; path = llvm_code_gen.cpp; sourceTree = "<group>"; };
		2C95E6D11D5AA47200186D5A /* llvm_code_gen.h */ = {isa = PBXFileReference; fileEncoding = 4; lastKnownFileType = sourcecode.c.h; path = llvm_code_gen.h; sourceTree = "<group>"; };
		2CA061CA1D4C317A0045AF86 /* parse_function_def.cpp */ = {isa = PBXFileReference; fileEncoding = 4; lastKnownFileType = sourcecode.cpp.cpp; path = parse_function_def.cpp; sourceTree = "<group>"; };
		2CA061CB1D4C317A0045AF86 /* parse_function_def.h */ = {isa = PBXFileReference; fileEncoding = 4; lastKnownFileType = sourcecode.c.h; path = parse_function_def.h; sourceTree = "<group>"; };
		2CA061CD1D4C34B70045AF86 /* parse_struct_def.cpp */ = {isa = PBXFileReference; fileEncoding = 4; lastKnownFileType = sourcecode.cpp.cpp; path = parse_struct_def.cpp; sourceTree = "<group>"; };
		2CA061CE1D4C34B70045AF86 /* parse_struct_def.h */ = {isa = PBXFileReference; fileEncoding = 4; lastKnownFileType = sourcecode.c.h; path = parse_struct_def.h; sourceTree = "<group>"; };
		2CBCA7DA1D569C6D000FAE81 /* sha1.cpp */ = {isa = PBXFileReference; lastKnownFileType = sourcecode.cpp.cpp; path = sha1.cpp; sourceTree = "<group>"; };
		2CBCA7DB1D569C6D000FAE81 /* sha1.h */ = {isa = PBXFileReference; lastKnownFileType = sourcecode.c.h; path = sha1.h; sourceTree = "<group>"; };
		2CBCA7DC1D569C6D000FAE81 /* sha1_class.cpp */ = {isa = PBXFileReference; lastKnownFileType = sourcecode.cpp.cpp; path = sha1_class.cpp; sourceTree = "<group>"; };
		2CBCA7DD1D569C6D000FAE81 /* sha1_class.h */ = {isa = PBXFileReference; lastKnownFileType = sourcecode.c.h; path = sha1_class.h; sourceTree = "<group>"; };
		2CC50E201CE485AF008D78C7 /* game_of_life1.cpp */ = {isa = PBXFileReference; lastKnownFileType = sourcecode.cpp.cpp; path = game_of_life1.cpp; sourceTree = "<group>"; };
		2CC50E221CE48665008D78C7 /* game_of_life1.h */ = {isa = PBXFileReference; fileEncoding = 4; lastKnownFileType = sourcecode.c.h; path = game_of_life1.h; sourceTree = "<group>"; };
		2CC50E231CE48748008D78C7 /* game_of_life2.cpp */ = {isa = PBXFileReference; fileEncoding = 4; lastKnownFileType = sourcecode.cpp.cpp; path = game_of_life2.cpp; sourceTree = "<group>"; };
		2CC50E241CE48748008D78C7 /* game_of_life2.h */ = {isa = PBXFileReference; fileEncoding = 4; lastKnownFileType = sourcecode.c.h; path = game_of_life2.h; sourceTree = "<group>"; };
		2CC50E261CE49A4C008D78C7 /* game_of_life3.cpp */ = {isa = PBXFileReference; fileEncoding = 4; lastKnownFileType = sourcecode.cpp.cpp; path = game_of_life3.cpp; sourceTree = "<group>"; };
		2CC50E271CE49A4C008D78C7 /* game_of_life3.h */ = {isa = PBXFileReference; fileEncoding = 4; lastKnownFileType = sourcecode.c.h; path = game_of_life3.h; sourceTree = "<group>"; };
		2CC50E291CE49F09008D78C7 /* game_of_life_ut.cpp */ = {isa = PBXFileReference; fileEncoding = 4; lastKnownFileType = sourcecode.cpp.cpp; path = game_of_life_ut.cpp; sourceTree = "<group>"; };
		2CCD83361CBA5BA3006033E4 /* floyd_main.cpp */ = {isa = PBXFileReference; fileEncoding = 4; lastKnownFileType = sourcecode.cpp.cpp; path = floyd_main.cpp; sourceTree = "<group>"; };
		2CD68C5F1D5A71610070892A /* pass2.cpp */ = {isa = PBXFileReference; fileEncoding = 4; lastKnownFileType = sourcecode.cpp.cpp; path = pass2.cpp; sourceTree = "<group>"; };
		2CD68C601D5A71610070892A /* pass2.h */ = {isa = PBXFileReference; fileEncoding = 4; lastKnownFileType = sourcecode.c.h; path = pass2.h; sourceTree = "<group>"; };
		2CD9283D1D515AF100243F0A /* expressions.cpp */ = {isa = PBXFileReference; fileEncoding = 4; lastKnownFileType = sourcecode.cpp.cpp; path = expressions.cpp; sourceTree = "<group>"; };
		2CD9283E1D515AF100243F0A /* expressions.h */ = {isa = PBXFileReference; fileEncoding = 4; lastKnownFileType = sourcecode.c.h; path = expressions.h; sourceTree = "<group>"; };
		2CE2D87A1D6F33B7007E5C53 /* parser2.h */ = {isa = PBXFileReference; fileEncoding = 4; lastKnownFileType = sourcecode.c.h; path = parser2.h; sourceTree = "<group>"; };
/* End PBXFileReference section */

/* Begin PBXFrameworksBuildPhase section */
		2C1D84DA1CA765A90042F0A8 /* Frameworks */ = {
			isa = PBXFrameworksBuildPhase;
			buildActionMask = 2147483647;
			files = (
			);
			runOnlyForDeploymentPostprocessing = 0;
		};
/* End PBXFrameworksBuildPhase section */

/* Begin PBXGroup section */
		2C00BC401F2427510087B8BB /* parser */ = {
			isa = PBXGroup;
			children = (
				2C1D84E01CA765A90042F0A8 /* floyd_parser.cpp */,
				2C789ED71CBA54C400DDBD3C /* floyd_parser.h */,
				2C4F355A1D4792C60061CA93 /* parse_expression.cpp */,
				2C4F355B1D4792C60061CA93 /* parse_expression.h */,
				2CA061CA1D4C317A0045AF86 /* parse_function_def.cpp */,
				2CA061CB1D4C317A0045AF86 /* parse_function_def.h */,
				2C4427A3200CED94006AAE1A /* parse_prefixless_statement.cpp */,
				2C4427A4200CED94006AAE1A /* parse_prefixless_statement.h */,
				2C4F35601D4795C20061CA93 /* parse_statement.cpp */,
				2C4F35611D4795C20061CA93 /* parse_statement.h */,
				2CA061CD1D4C34B70045AF86 /* parse_struct_def.cpp */,
				2CA061CE1D4C34B70045AF86 /* parse_struct_def.h */,
				2C8270021D46D9A300E697ED /* parser_primitives.cpp */,
				2C8270031D46D9A300E697ED /* parser_primitives.h */,
				2C71179C1D6E48AE004B8F69 /* parser2.cpp */,
				2CE2D87A1D6F33B7007E5C53 /* parser2.h */,
			);
			name = parser;
			sourceTree = "<group>";
		};
		2C1D84D41CA765A90042F0A8 = {
			isa = PBXGroup;
			children = (
				2CC50E1F1CE485AF008D78C7 /* examples */,
				2C1D84DF1CA765A90042F0A8 /* FloydSpeak */,
				2C1D84DE1CA765A90042F0A8 /* Products */,
			);
			sourceTree = "<group>";
		};
		2C1D84DE1CA765A90042F0A8 /* Products */ = {
			isa = PBXGroup;
			children = (
				2C1D84DD1CA765A90042F0A8 /* FloydSpeak */,
			);
			name = Products;
			sourceTree = "<group>";
		};
		2C1D84DF1CA765A90042F0A8 /* FloydSpeak */ = {
			isa = PBXGroup;
			children = (
				2C38FB0F1F2D0702006C3A4B /* ast */,
				2C00BC411F2428FF0087B8BB /* cpp_experiments.cpp */,
				2C384AD21F3B604E0028C742 /* floyd_basics.cpp */,
				2C384AD31F3B604E0028C742 /* floyd_basics.h */,
				2C81894B1D47B62400030C96 /* floyd_interpreter.cpp */,
				2C81894C1D47B62400030C96 /* floyd_interpreter.h */,
				2CCD83361CBA5BA3006033E4 /* floyd_main.cpp */,
				2C95E6D01D5AA47200186D5A /* llvm_code_gen.cpp */,
				2C95E6D11D5AA47200186D5A /* llvm_code_gen.h */,
				2CBCA7D81D569C6D000FAE81 /* parts */,
				2C00BC401F2427510087B8BB /* parser */,
				2CD68C5F1D5A71610070892A /* pass2.cpp */,
				2CD68C601D5A71610070892A /* pass2.h */,
				2C0AC17A1CADB26B00979C49 /* runtime.cpp */,
				2C0AC17B1CADB26B00979C49 /* runtime.h */,
			);
			path = FloydSpeak;
			sourceTree = "<group>";
		};
		2C38FB0F1F2D0702006C3A4B /* ast */ = {
			isa = PBXGroup;
			children = (
				2CD9283D1D515AF100243F0A /* expressions.cpp */,
				2CD9283E1D515AF100243F0A /* expressions.h */,
				2C95E6CA1D5A8E2B00186D5A /* parser_ast.cpp */,
				2C95E6CB1D5A8E2B00186D5A /* parser_ast.h */,
				2C4F355D1D4794CD0061CA93 /* parser_value.cpp */,
				2C4F355E1D4794CD0061CA93 /* parser_value.h */,
				2C95E6CD1D5A9F3500186D5A /* statements.cpp */,
				2C95E6CF1D5A9F4E00186D5A /* statements.h */,
			);
			name = ast;
			sourceTree = "<group>";
		};
		2CBCA7D81D569C6D000FAE81 /* parts */ = {
			isa = PBXGroup;
			children = (
				2C40A71D1D76E179003245E3 /* immutable_ref_value.cpp */,
				2C40A71E1D76E179003245E3 /* immutable_ref_value.h */,
				2C5F60CC1D5E3345006E0A89 /* json_for_modern_cpp.h */,
				2C0056AF1D5D5E88009F8219 /* json_parser.cpp */,
				2C0056B01D5D5E88009F8219 /* json_parser.h */,
				2C95E6C71D5A8D5100186D5A /* json_support.cpp */,
				2C95E6C81D5A8D5100186D5A /* json_support.h */,
				2C0056AC1D5D53FD009F8219 /* json_writer.cpp */,
				2C0056AE1D5D5422009F8219 /* json_writer.h */,
				2C1D84E81CA766470042F0A8 /* quark.cpp */,
				2C1D84E91CA766470042F0A8 /* quark.h */,
				2CBCA7D91D569C6D000FAE81 /* sha1 */,
				2CBCA7DC1D569C6D000FAE81 /* sha1_class.cpp */,
				2CBCA7DD1D569C6D000FAE81 /* sha1_class.h */,
				2C1D84EA1CA766470042F0A8 /* steady_vector.cpp */,
				2C1D84EB1CA766470042F0A8 /* steady_vector.h */,
				2C8270051D46E0DD00E697ED /* text_parser.cpp */,
				2C8270061D46E0DD00E697ED /* text_parser.h */,
				2C0056A91D5CF2D2009F8219 /* utils.cpp */,
				2C0056AA1D5CF2D2009F8219 /* utils.h */,
			);
			path = parts;
			sourceTree = "<group>";
		};
		2CBCA7D91D569C6D000FAE81 /* sha1 */ = {
			isa = PBXGroup;
			children = (
				2CBCA7DA1D569C6D000FAE81 /* sha1.cpp */,
				2CBCA7DB1D569C6D000FAE81 /* sha1.h */,
			);
			path = sha1;
			sourceTree = "<group>";
		};
		2CC50E1F1CE485AF008D78C7 /* examples */ = {
			isa = PBXGroup;
			children = (
				2CC50E291CE49F09008D78C7 /* game_of_life_ut.cpp */,
				2C61FC651F226BE300DE7B59 /* game_of_life.floyd */,
				2CC50E201CE485AF008D78C7 /* game_of_life1.cpp */,
				2CC50E221CE48665008D78C7 /* game_of_life1.h */,
				2CC50E231CE48748008D78C7 /* game_of_life2.cpp */,
				2CC50E241CE48748008D78C7 /* game_of_life2.h */,
				2CC50E261CE49A4C008D78C7 /* game_of_life3.cpp */,
				2CC50E271CE49A4C008D78C7 /* game_of_life3.h */,
			);
			name = examples;
			path = ../examples;
			sourceTree = "<group>";
		};
/* End PBXGroup section */

/* Begin PBXNativeTarget section */
		2C1D84DC1CA765A90042F0A8 /* FloydSpeak */ = {
			isa = PBXNativeTarget;
			buildConfigurationList = 2C1D84E41CA765A90042F0A8 /* Build configuration list for PBXNativeTarget "FloydSpeak" */;
			buildPhases = (
				2C1D84D91CA765A90042F0A8 /* Sources */,
				2C1D84DA1CA765A90042F0A8 /* Frameworks */,
				2C1D84DB1CA765A90042F0A8 /* CopyFiles */,
			);
			buildRules = (
			);
			dependencies = (
			);
			name = FloydSpeak;
			productName = FloydSpeak;
			productReference = 2C1D84DD1CA765A90042F0A8 /* FloydSpeak */;
			productType = "com.apple.product-type.tool";
		};
/* End PBXNativeTarget section */

/* Begin PBXProject section */
		2C1D84D51CA765A90042F0A8 /* Project object */ = {
			isa = PBXProject;
			attributes = {
				LastUpgradeCheck = 0800;
				ORGANIZATIONNAME = "Marcus Zetterquist";
				TargetAttributes = {
					2C1D84DC1CA765A90042F0A8 = {
						CreatedOnToolsVersion = 7.2.1;
					};
				};
			};
			buildConfigurationList = 2C1D84D81CA765A90042F0A8 /* Build configuration list for PBXProject "FloydSpeak" */;
			compatibilityVersion = "Xcode 3.2";
			developmentRegion = English;
			hasScannedForEncodings = 0;
			knownRegions = (
				en,
			);
			mainGroup = 2C1D84D41CA765A90042F0A8;
			productRefGroup = 2C1D84DE1CA765A90042F0A8 /* Products */;
			projectDirPath = "";
			projectRoot = "";
			targets = (
				2C1D84DC1CA765A90042F0A8 /* FloydSpeak */,
			);
		};
/* End PBXProject section */

/* Begin PBXSourcesBuildPhase section */
		2C1D84D91CA765A90042F0A8 /* Sources */ = {
			isa = PBXSourcesBuildPhase;
			buildActionMask = 2147483647;
			files = (
				2C40A71F1D76E179003245E3 /* immutable_ref_value.cpp in Sources */,
				2CCD83371CBA5BA3006033E4 /* floyd_main.cpp in Sources */,
				2CC50E251CE48748008D78C7 /* game_of_life2.cpp in Sources */,
				2C95E6C91D5A8D5100186D5A /* json_support.cpp in Sources */,
				2C0AC17C1CADB26B00979C49 /* runtime.cpp in Sources */,
				2C0056AD1D5D53FD009F8219 /* json_writer.cpp in Sources */,
				2C0056B11D5D5E88009F8219 /* json_parser.cpp in Sources */,
				2C4427A5200CED94006AAE1A /* parse_prefixless_statement.cpp in Sources */,
				2C95E6D21D5AA47200186D5A /* llvm_code_gen.cpp in Sources */,
				2C8270071D46E0DD00E697ED /* text_parser.cpp in Sources */,
				2CC50E281CE49A4C008D78C7 /* game_of_life3.cpp in Sources */,
				2C95E6CE1D5A9F3500186D5A /* statements.cpp in Sources */,
				2CA061CF1D4C34B70045AF86 /* parse_struct_def.cpp in Sources */,
				2CBCA7DF1D569E07000FAE81 /* sha1.cpp in Sources */,
				2CD68C611D5A71610070892A /* pass2.cpp in Sources */,
				2C95E6CC1D5A8E2B00186D5A /* parser_ast.cpp in Sources */,
				2CC50E2A1CE49F09008D78C7 /* game_of_life_ut.cpp in Sources */,
				2CD9283F1D515AF100243F0A /* expressions.cpp in Sources */,
				2C1D84E11CA765A90042F0A8 /* floyd_parser.cpp in Sources */,
				2C384AD41F3B604E0028C742 /* floyd_basics.cpp in Sources */,
				2C8270041D46D9A300E697ED /* parser_primitives.cpp in Sources */,
				2C81894D1D47B62400030C96 /* floyd_interpreter.cpp in Sources */,
				2C71179E1D6E48AE004B8F69 /* parser2.cpp in Sources */,
				2C4F35621D4795C20061CA93 /* parse_statement.cpp in Sources */,
				2CBCA7DE1D569E04000FAE81 /* sha1_class.cpp in Sources */,
				2C4F355F1D4794CD0061CA93 /* parser_value.cpp in Sources */,
				2C00BC421F2428FF0087B8BB /* cpp_experiments.cpp in Sources */,
				2C1D84ED1CA766470042F0A8 /* quark.cpp in Sources */,
				2CC50E211CE485FF008D78C7 /* game_of_life1.cpp in Sources */,
				2CA061CC1D4C317A0045AF86 /* parse_function_def.cpp in Sources */,
				2C4F355C1D4792C60061CA93 /* parse_expression.cpp in Sources */,
				2C0056AB1D5CF2D2009F8219 /* utils.cpp in Sources */,
			);
			runOnlyForDeploymentPostprocessing = 0;
		};
/* End PBXSourcesBuildPhase section */

/* Begin XCBuildConfiguration section */
		2C1D84E21CA765A90042F0A8 /* Debug */ = {
			isa = XCBuildConfiguration;
			buildSettings = {
				ALWAYS_SEARCH_USER_PATHS = NO;
				CLANG_CXX_LANGUAGE_STANDARD = "gnu++0x";
				CLANG_CXX_LIBRARY = "libc++";
				CLANG_ENABLE_MODULES = YES;
				CLANG_ENABLE_OBJC_ARC = YES;
				CLANG_WARN_BOOL_CONVERSION = YES;
				CLANG_WARN_CONSTANT_CONVERSION = YES;
				CLANG_WARN_DIRECT_OBJC_ISA_USAGE = YES_ERROR;
				CLANG_WARN_EMPTY_BODY = YES;
				CLANG_WARN_ENUM_CONVERSION = YES;
				CLANG_WARN_INFINITE_RECURSION = YES;
				CLANG_WARN_INT_CONVERSION = YES;
				CLANG_WARN_NULLABLE_TO_NONNULL_CONVERSION = YES;
				CLANG_WARN_OBJC_ROOT_CLASS = YES_ERROR;
				CLANG_WARN_SUSPICIOUS_IMPLICIT_CONVERSION = YES;
				CLANG_WARN_SUSPICIOUS_MOVE = YES;
				CLANG_WARN_UNREACHABLE_CODE = YES;
				CLANG_WARN__DUPLICATE_METHOD_MATCH = YES;
				CODE_SIGN_IDENTITY = "-";
				COPY_PHASE_STRIP = NO;
				DEBUG_INFORMATION_FORMAT = dwarf;
				ENABLE_STRICT_OBJC_MSGSEND = YES;
				ENABLE_TESTABILITY = YES;
				GCC_C_LANGUAGE_STANDARD = gnu99;
				GCC_DYNAMIC_NO_PIC = NO;
				GCC_NO_COMMON_BLOCKS = YES;
				GCC_OPTIMIZATION_LEVEL = 0;
				GCC_PREPROCESSOR_DEFINITIONS = (
					"DEBUG=1",
					"$(inherited)",
				);
				GCC_WARN_64_TO_32_BIT_CONVERSION = YES;
				GCC_WARN_ABOUT_MISSING_FIELD_INITIALIZERS = YES;
				GCC_WARN_ABOUT_MISSING_PROTOTYPES = NO;
				GCC_WARN_ABOUT_RETURN_TYPE = YES_ERROR;
				GCC_WARN_HIDDEN_VIRTUAL_FUNCTIONS = YES;
				GCC_WARN_INITIALIZER_NOT_FULLY_BRACKETED = YES;
				GCC_WARN_NON_VIRTUAL_DESTRUCTOR = YES;
				GCC_WARN_SHADOW = YES;
				GCC_WARN_UNDECLARED_SELECTOR = YES;
				GCC_WARN_UNINITIALIZED_AUTOS = YES_AGGRESSIVE;
				GCC_WARN_UNUSED_FUNCTION = YES;
				GCC_WARN_UNUSED_PARAMETER = NO;
				GCC_WARN_UNUSED_VARIABLE = YES;
				MACOSX_DEPLOYMENT_TARGET = 10.11;
				MTL_ENABLE_DEBUG_INFO = YES;
				ONLY_ACTIVE_ARCH = YES;
				SDKROOT = macosx;
			};
			name = Debug;
		};
		2C1D84E31CA765A90042F0A8 /* Release */ = {
			isa = XCBuildConfiguration;
			buildSettings = {
				ALWAYS_SEARCH_USER_PATHS = NO;
				CLANG_CXX_LANGUAGE_STANDARD = "gnu++0x";
				CLANG_CXX_LIBRARY = "libc++";
				CLANG_ENABLE_MODULES = YES;
				CLANG_ENABLE_OBJC_ARC = YES;
				CLANG_WARN_BOOL_CONVERSION = YES;
				CLANG_WARN_CONSTANT_CONVERSION = YES;
				CLANG_WARN_DIRECT_OBJC_ISA_USAGE = YES_ERROR;
				CLANG_WARN_EMPTY_BODY = YES;
				CLANG_WARN_ENUM_CONVERSION = YES;
				CLANG_WARN_INFINITE_RECURSION = YES;
				CLANG_WARN_INT_CONVERSION = YES;
				CLANG_WARN_NULLABLE_TO_NONNULL_CONVERSION = YES;
				CLANG_WARN_OBJC_ROOT_CLASS = YES_ERROR;
				CLANG_WARN_SUSPICIOUS_IMPLICIT_CONVERSION = YES;
				CLANG_WARN_SUSPICIOUS_MOVE = YES;
				CLANG_WARN_UNREACHABLE_CODE = YES;
				CLANG_WARN__DUPLICATE_METHOD_MATCH = YES;
				CODE_SIGN_IDENTITY = "-";
				COPY_PHASE_STRIP = NO;
				DEBUG_INFORMATION_FORMAT = "dwarf-with-dsym";
				ENABLE_NS_ASSERTIONS = NO;
				ENABLE_STRICT_OBJC_MSGSEND = YES;
				GCC_C_LANGUAGE_STANDARD = gnu99;
				GCC_NO_COMMON_BLOCKS = YES;
				GCC_WARN_64_TO_32_BIT_CONVERSION = YES;
				GCC_WARN_ABOUT_MISSING_FIELD_INITIALIZERS = YES;
				GCC_WARN_ABOUT_MISSING_PROTOTYPES = NO;
				GCC_WARN_ABOUT_RETURN_TYPE = YES_ERROR;
				GCC_WARN_HIDDEN_VIRTUAL_FUNCTIONS = YES;
				GCC_WARN_INITIALIZER_NOT_FULLY_BRACKETED = YES;
				GCC_WARN_NON_VIRTUAL_DESTRUCTOR = YES;
				GCC_WARN_SHADOW = YES;
				GCC_WARN_UNDECLARED_SELECTOR = YES;
				GCC_WARN_UNINITIALIZED_AUTOS = YES_AGGRESSIVE;
				GCC_WARN_UNUSED_FUNCTION = YES;
				GCC_WARN_UNUSED_PARAMETER = NO;
				GCC_WARN_UNUSED_VARIABLE = YES;
				MACOSX_DEPLOYMENT_TARGET = 10.11;
				MTL_ENABLE_DEBUG_INFO = NO;
				SDKROOT = macosx;
			};
			name = Release;
		};
		2C1D84E51CA765A90042F0A8 /* Debug */ = {
			isa = XCBuildConfiguration;
			buildSettings = {
				PRODUCT_NAME = "$(TARGET_NAME)";
			};
			name = Debug;
		};
		2C1D84E61CA765A90042F0A8 /* Release */ = {
			isa = XCBuildConfiguration;
			buildSettings = {
				PRODUCT_NAME = "$(TARGET_NAME)";
			};
			name = Release;
		};
/* End XCBuildConfiguration section */

/* Begin XCConfigurationList section */
		2C1D84D81CA765A90042F0A8 /* Build configuration list for PBXProject "FloydSpeak" */ = {
			isa = XCConfigurationList;
			buildConfigurations = (
				2C1D84E21CA765A90042F0A8 /* Debug */,
				2C1D84E31CA765A90042F0A8 /* Release */,
			);
			defaultConfigurationIsVisible = 0;
			defaultConfigurationName = Release;
		};
		2C1D84E41CA765A90042F0A8 /* Build configuration list for PBXNativeTarget "FloydSpeak" */ = {
			isa = XCConfigurationList;
			buildConfigurations = (
				2C1D84E51CA765A90042F0A8 /* Debug */,
				2C1D84E61CA765A90042F0A8 /* Release */,
			);
			defaultConfigurationIsVisible = 0;
			defaultConfigurationName = Release;
		};
/* End XCConfigurationList section */
	};
	rootObject = 2C1D84D51CA765A90042F0A8 /* Project object */;
}
